// !$*UTF8*$!
{
	archiveVersion = 1;
	classes = {
	};
	objectVersion = 46;
	objects = {

/* Begin PBXAggregateTarget section */
		AED9718319E98B48000F7A8E /* Documentation */ = {
			isa = PBXAggregateTarget;
			buildConfigurationList = AED9718719E98B49000F7A8E /* Build configuration list for PBXAggregateTarget "Documentation" */;
			buildPhases = (
				AED9718819E98B77000F7A8E /* ShellScript */,
				AEED877C19F42E51000C15C6 /* ShellScript */,
			);
			dependencies = (
			);
			name = Documentation;
			productName = Documentation;
		};
/* End PBXAggregateTarget section */

/* Begin PBXBuildFile section */
		AE1C05B71B15DD9F00F5E834 /* libWebRTC-9190.a in Frameworks */ = {isa = PBXBuildFile; fileRef = AE1C05B61B15DD9F00F5E834 /* libWebRTC-9190.a */; };
		AE1C05BB1B15DDD100F5E834 /* libRestCommClient.a in Frameworks */ = {isa = PBXBuildFile; fileRef = AE1C05BA1B15DDD100F5E834 /* libRestCommClient.a */; };
		AE1C05BE1B15DDF200F5E834 /* libcrypto.a in Frameworks */ = {isa = PBXBuildFile; fileRef = AE1C05BC1B15DDF200F5E834 /* libcrypto.a */; };
		AE1C05BF1B15DDF200F5E834 /* libssl.a in Frameworks */ = {isa = PBXBuildFile; fileRef = AE1C05BD1B15DDF200F5E834 /* libssl.a */; };
		AE1C05C11B15DE1500F5E834 /* libsofia-sip-ua.a in Frameworks */ = {isa = PBXBuildFile; fileRef = AE1C05C01B15DE1500F5E834 /* libsofia-sip-ua.a */; };
		AE505B871B061A0C0053F5B6 /* GLKit.framework in Frameworks */ = {isa = PBXBuildFile; fileRef = AE5821E01A8AB79400578A7B /* GLKit.framework */; };
		AE5821DF1A8AB76900578A7B /* libsqlite3.dylib in Frameworks */ = {isa = PBXBuildFile; fileRef = AE5821DE1A8AB76900578A7B /* libsqlite3.dylib */; };
		AE65E39F1A6BC66600C0CB1B /* CoreFoundation.framework in Frameworks */ = {isa = PBXBuildFile; fileRef = AE65E39E1A6BC66600C0CB1B /* CoreFoundation.framework */; };
		AE65E3A31A6BC68F00C0CB1B /* CoreAudio.framework in Frameworks */ = {isa = PBXBuildFile; fileRef = AE65E3A21A6BC68F00C0CB1B /* CoreAudio.framework */; };
		AE65E3A41A6BC6A900C0CB1B /* AudioToolbox.framework in Frameworks */ = {isa = PBXBuildFile; fileRef = AEC39AAB1A5A95D100B155E4 /* AudioToolbox.framework */; };
		AE79D31A19BC8DAD0023306C /* Foundation.framework in Frameworks */ = {isa = PBXBuildFile; fileRef = AE79D31919BC8DAD0023306C /* Foundation.framework */; };
		AE79D31E19BC8DAD0023306C /* UIKit.framework in Frameworks */ = {isa = PBXBuildFile; fileRef = AE79D31D19BC8DAD0023306C /* UIKit.framework */; };
		AE79D33C19BC8DAE0023306C /* XCTest.framework in Frameworks */ = {isa = PBXBuildFile; fileRef = AE79D33B19BC8DAE0023306C /* XCTest.framework */; };
		AE79D33D19BC8DAE0023306C /* Foundation.framework in Frameworks */ = {isa = PBXBuildFile; fileRef = AE79D31919BC8DAD0023306C /* Foundation.framework */; };
		AE79D33E19BC8DAE0023306C /* UIKit.framework in Frameworks */ = {isa = PBXBuildFile; fileRef = AE79D31D19BC8DAD0023306C /* UIKit.framework */; };
		AE9520971B0B2AC100E947D8 /* icon-29x29.png in Resources */ = {isa = PBXBuildFile; fileRef = AE95208F1B0B2AC100E947D8 /* icon-29x29.png */; };
		AE9520981B0B2AC100E947D8 /* icon-29x29@2x.png in Resources */ = {isa = PBXBuildFile; fileRef = AE9520901B0B2AC100E947D8 /* icon-29x29@2x.png */; };
		AE9520991B0B2AC100E947D8 /* icon-40x40.png in Resources */ = {isa = PBXBuildFile; fileRef = AE9520911B0B2AC100E947D8 /* icon-40x40.png */; };
		AE95209A1B0B2AC100E947D8 /* icon-40x40@2x.png in Resources */ = {isa = PBXBuildFile; fileRef = AE9520921B0B2AC100E947D8 /* icon-40x40@2x.png */; };
		AE95209B1B0B2AC100E947D8 /* icon-60x60@2x.png in Resources */ = {isa = PBXBuildFile; fileRef = AE9520931B0B2AC100E947D8 /* icon-60x60@2x.png */; };
		AE95209C1B0B2AC100E947D8 /* icon-60x60@3x.png in Resources */ = {isa = PBXBuildFile; fileRef = AE9520941B0B2AC100E947D8 /* icon-60x60@3x.png */; };
		AE95209D1B0B2AC100E947D8 /* icon-76x76.png in Resources */ = {isa = PBXBuildFile; fileRef = AE9520951B0B2AC100E947D8 /* icon-76x76.png */; };
		AE95209E1B0B2AC100E947D8 /* icon-76x76@2x.png in Resources */ = {isa = PBXBuildFile; fileRef = AE9520961B0B2AC100E947D8 /* icon-76x76@2x.png */; };
		AE9520A41B0B2C4D00E947D8 /* splash-320x480@2x.png in Resources */ = {isa = PBXBuildFile; fileRef = AE9520A01B0B2C4D00E947D8 /* splash-320x480@2x.png */; };
		AE9520A51B0B2C4D00E947D8 /* splash-320x568@2x.png in Resources */ = {isa = PBXBuildFile; fileRef = AE9520A11B0B2C4D00E947D8 /* splash-320x568@2x.png */; };
		AE9520A61B0B2C4D00E947D8 /* splash-768x1024.png in Resources */ = {isa = PBXBuildFile; fileRef = AE9520A21B0B2C4D00E947D8 /* splash-768x1024.png */; };
		AE9520A71B0B2C4D00E947D8 /* splash-768x1024@2x.png in Resources */ = {isa = PBXBuildFile; fileRef = AE9520A31B0B2C4D00E947D8 /* splash-768x1024@2x.png */; };
		AEC39ADA1A5AD8D800B155E4 /* VideoToolbox.framework in Frameworks */ = {isa = PBXBuildFile; fileRef = AEC39AB11A5A96AE00B155E4 /* VideoToolbox.framework */; settings = {ATTRIBUTES = (Weak, ); }; };
		AEC39ADB1A5ADF6100B155E4 /* AVFoundation.framework in Frameworks */ = {isa = PBXBuildFile; fileRef = AE56121A1A064F5B009C9A4F /* AVFoundation.framework */; };
		AEC39AE31A5AE0A100B155E4 /* AssetsLibrary.framework in Frameworks */ = {isa = PBXBuildFile; fileRef = AEC39ADE1A5AE03100B155E4 /* AssetsLibrary.framework */; };
		AEC39AE91A5AE18800B155E4 /* libresolv.dylib in Frameworks */ = {isa = PBXBuildFile; fileRef = AEC39AE81A5AE18800B155E4 /* libresolv.dylib */; };
		AED0B0641A0976F8008A6057 /* InfoPlist.strings in Resources */ = {isa = PBXBuildFile; fileRef = AED0B0601A0976F8008A6057 /* InfoPlist.strings */; };
		AED0B0661A0976F8008A6057 /* restcomm-helloworldTests.m in Sources */ = {isa = PBXBuildFile; fileRef = AED0B0631A0976F8008A6057 /* restcomm-helloworldTests.m */; };
		AED0B07E1A097764008A6057 /* AppDelegate.m in Sources */ = {isa = PBXBuildFile; fileRef = AED0B0691A097764008A6057 /* AppDelegate.m */; };
		AED0B07F1A097764008A6057 /* Main_iPad.storyboard in Resources */ = {isa = PBXBuildFile; fileRef = AED0B06A1A097764008A6057 /* Main_iPad.storyboard */; };
		AED0B0801A097764008A6057 /* Main_iPhone.storyboard in Resources */ = {isa = PBXBuildFile; fileRef = AED0B06C1A097764008A6057 /* Main_iPhone.storyboard */; };
		AED0B0811A097764008A6057 /* InfoPlist.strings in Resources */ = {isa = PBXBuildFile; fileRef = AED0B06E1A097764008A6057 /* InfoPlist.strings */; };
		AED0B0821A097764008A6057 /* Images.xcassets in Resources */ = {isa = PBXBuildFile; fileRef = AED0B0701A097764008A6057 /* Images.xcassets */; };
		AED0B0831A097764008A6057 /* main.m in Sources */ = {isa = PBXBuildFile; fileRef = AED0B0711A097764008A6057 /* main.m */; };
		AED0B0861A097764008A6057 /* calling.mp3 in Resources */ = {isa = PBXBuildFile; fileRef = AED0B0771A097764008A6057 /* calling.mp3 */; };
		AED0B0871A097764008A6057 /* message.mp3 in Resources */ = {isa = PBXBuildFile; fileRef = AED0B0781A097764008A6057 /* message.mp3 */; };
		AED0B0881A097764008A6057 /* ringing.mp3 in Resources */ = {isa = PBXBuildFile; fileRef = AED0B0791A097764008A6057 /* ringing.mp3 */; };
		AED0B08A1A097764008A6057 /* ViewController.mm in Sources */ = {isa = PBXBuildFile; fileRef = AED0B07D1A097764008A6057 /* ViewController.mm */; };
		AEFB39121B061FA400F85545 /* OpenGLES.framework in Frameworks */ = {isa = PBXBuildFile; fileRef = AE65E3A51A6BC6BC00C0CB1B /* OpenGLES.framework */; };
		AEFB39151B061FB300F85545 /* QuartzCore.framework in Frameworks */ = {isa = PBXBuildFile; fileRef = AE65E3A71A6BC7AE00C0CB1B /* QuartzCore.framework */; };
/* End PBXBuildFile section */

/* Begin PBXContainerItemProxy section */
		AE79D33F19BC8DAE0023306C /* PBXContainerItemProxy */ = {
			isa = PBXContainerItemProxy;
			containerPortal = AE79D30E19BC8DAD0023306C /* Project object */;
			proxyType = 1;
			remoteGlobalIDString = AE79D31519BC8DAD0023306C;
			remoteInfo = "test-ios-sip-sofia";
		};
/* End PBXContainerItemProxy section */

/* Begin PBXFileReference section */
		AE182F971B09F70200B40A0F /* libWebRTC-9190.a */ = {isa = PBXFileReference; lastKnownFileType = archive.ar; name = "libWebRTC-9190.a"; path = "../../RestCommClient/webrtc/libWebRTC-9190.a"; sourceTree = "<group>"; };
		AE182F991B0A5C7100B40A0F /* GStreamer.framework */ = {isa = PBXFileReference; lastKnownFileType = wrapper.framework; name = GStreamer.framework; path = ../../RestCommClient/GStreamer/GStreamer.framework; sourceTree = "<group>"; };
		AE1C05B61B15DD9F00F5E834 /* libWebRTC-9190.a */ = {isa = PBXFileReference; lastKnownFileType = archive.ar; name = "libWebRTC-9190.a"; path = "../../dependencies/packages/webrtc/libWebRTC-9190.a"; sourceTree = "<group>"; };
		AE1C05BA1B15DDD100F5E834 /* libRestCommClient.a */ = {isa = PBXFileReference; lastKnownFileType = archive.ar; name = libRestCommClient.a; path = ../../dependencies/packages/RestCommClientLib/libRestCommClient.a; sourceTree = "<group>"; };
		AE1C05BC1B15DDF200F5E834 /* libcrypto.a */ = {isa = PBXFileReference; lastKnownFileType = archive.ar; name = libcrypto.a; path = "../../dependencies/packages/openssl-1.0.1i/lib/libcrypto.a"; sourceTree = "<group>"; };
		AE1C05BD1B15DDF200F5E834 /* libssl.a */ = {isa = PBXFileReference; lastKnownFileType = archive.ar; name = libssl.a; path = "../../dependencies/packages/openssl-1.0.1i/lib/libssl.a"; sourceTree = "<group>"; };
		AE1C05C01B15DE1500F5E834 /* libsofia-sip-ua.a */ = {isa = PBXFileReference; lastKnownFileType = archive.ar; name = "libsofia-sip-ua.a"; path = "../../dependencies/packages/sofia-sip-1.12.11/lib/libsofia-sip-ua.a"; sourceTree = "<group>"; };
		AE41B0F01B0C907D000E91BB /* libRestCommClient.a */ = {isa = PBXFileReference; lastKnownFileType = archive.ar; name = libRestCommClient.a; path = ../../RestCommClient/RestCommClientLib/libRestCommClient.a; sourceTree = "<group>"; };
		AE505B811B0600870053F5B6 /* libsofia-sip-ua.a */ = {isa = PBXFileReference; lastKnownFileType = archive.ar; name = "libsofia-sip-ua.a"; path = "../../RestCommClient/sofia-sip-1.12.11/lib/libsofia-sip-ua.a"; sourceTree = "<group>"; };
		AE56121A1A064F5B009C9A4F /* AVFoundation.framework */ = {isa = PBXFileReference; lastKnownFileType = wrapper.framework; name = AVFoundation.framework; path = System/Library/Frameworks/AVFoundation.framework; sourceTree = SDKROOT; };
		AE5821DE1A8AB76900578A7B /* libsqlite3.dylib */ = {isa = PBXFileReference; lastKnownFileType = "compiled.mach-o.dylib"; name = libsqlite3.dylib; path = usr/lib/libsqlite3.dylib; sourceTree = SDKROOT; };
		AE5821E01A8AB79400578A7B /* GLKit.framework */ = {isa = PBXFileReference; lastKnownFileType = wrapper.framework; name = GLKit.framework; path = System/Library/Frameworks/GLKit.framework; sourceTree = SDKROOT; };
		AE65E39E1A6BC66600C0CB1B /* CoreFoundation.framework */ = {isa = PBXFileReference; lastKnownFileType = wrapper.framework; name = CoreFoundation.framework; path = System/Library/Frameworks/CoreFoundation.framework; sourceTree = SDKROOT; };
		AE65E3A21A6BC68F00C0CB1B /* CoreAudio.framework */ = {isa = PBXFileReference; lastKnownFileType = wrapper.framework; name = CoreAudio.framework; path = System/Library/Frameworks/CoreAudio.framework; sourceTree = SDKROOT; };
		AE65E3A51A6BC6BC00C0CB1B /* OpenGLES.framework */ = {isa = PBXFileReference; lastKnownFileType = wrapper.framework; name = OpenGLES.framework; path = System/Library/Frameworks/OpenGLES.framework; sourceTree = SDKROOT; };
		AE65E3A71A6BC7AE00C0CB1B /* QuartzCore.framework */ = {isa = PBXFileReference; lastKnownFileType = wrapper.framework; name = QuartzCore.framework; path = System/Library/Frameworks/QuartzCore.framework; sourceTree = SDKROOT; };
		AE79D31619BC8DAD0023306C /* restcomm-helloworld.app */ = {isa = PBXFileReference; explicitFileType = wrapper.application; includeInIndex = 0; path = "restcomm-helloworld.app"; sourceTree = BUILT_PRODUCTS_DIR; };
		AE79D31919BC8DAD0023306C /* Foundation.framework */ = {isa = PBXFileReference; lastKnownFileType = wrapper.framework; name = Foundation.framework; path = System/Library/Frameworks/Foundation.framework; sourceTree = SDKROOT; };
		AE79D31B19BC8DAD0023306C /* CoreGraphics.framework */ = {isa = PBXFileReference; lastKnownFileType = wrapper.framework; name = CoreGraphics.framework; path = System/Library/Frameworks/CoreGraphics.framework; sourceTree = SDKROOT; };
		AE79D31D19BC8DAD0023306C /* UIKit.framework */ = {isa = PBXFileReference; lastKnownFileType = wrapper.framework; name = UIKit.framework; path = System/Library/Frameworks/UIKit.framework; sourceTree = SDKROOT; };
		AE79D33A19BC8DAE0023306C /* restcomm-helloworldTests.xctest */ = {isa = PBXFileReference; explicitFileType = wrapper.cfbundle; includeInIndex = 0; path = "restcomm-helloworldTests.xctest"; sourceTree = BUILT_PRODUCTS_DIR; };
		AE79D33B19BC8DAE0023306C /* XCTest.framework */ = {isa = PBXFileReference; lastKnownFileType = wrapper.framework; name = XCTest.framework; path = Library/Frameworks/XCTest.framework; sourceTree = DEVELOPER_DIR; };
		AE95208F1B0B2AC100E947D8 /* icon-29x29.png */ = {isa = PBXFileReference; lastKnownFileType = image.png; path = "icon-29x29.png"; sourceTree = "<group>"; };
		AE9520901B0B2AC100E947D8 /* icon-29x29@2x.png */ = {isa = PBXFileReference; lastKnownFileType = image.png; path = "icon-29x29@2x.png"; sourceTree = "<group>"; };
		AE9520911B0B2AC100E947D8 /* icon-40x40.png */ = {isa = PBXFileReference; lastKnownFileType = image.png; path = "icon-40x40.png"; sourceTree = "<group>"; };
		AE9520921B0B2AC100E947D8 /* icon-40x40@2x.png */ = {isa = PBXFileReference; lastKnownFileType = image.png; path = "icon-40x40@2x.png"; sourceTree = "<group>"; };
		AE9520931B0B2AC100E947D8 /* icon-60x60@2x.png */ = {isa = PBXFileReference; lastKnownFileType = image.png; path = "icon-60x60@2x.png"; sourceTree = "<group>"; };
		AE9520941B0B2AC100E947D8 /* icon-60x60@3x.png */ = {isa = PBXFileReference; lastKnownFileType = image.png; path = "icon-60x60@3x.png"; sourceTree = "<group>"; };
		AE9520951B0B2AC100E947D8 /* icon-76x76.png */ = {isa = PBXFileReference; lastKnownFileType = image.png; path = "icon-76x76.png"; sourceTree = "<group>"; };
		AE9520961B0B2AC100E947D8 /* icon-76x76@2x.png */ = {isa = PBXFileReference; lastKnownFileType = image.png; path = "icon-76x76@2x.png"; sourceTree = "<group>"; };
		AE9520A01B0B2C4D00E947D8 /* splash-320x480@2x.png */ = {isa = PBXFileReference; lastKnownFileType = image.png; path = "splash-320x480@2x.png"; sourceTree = "<group>"; };
		AE9520A11B0B2C4D00E947D8 /* splash-320x568@2x.png */ = {isa = PBXFileReference; lastKnownFileType = image.png; path = "splash-320x568@2x.png"; sourceTree = "<group>"; };
		AE9520A21B0B2C4D00E947D8 /* splash-768x1024.png */ = {isa = PBXFileReference; lastKnownFileType = image.png; path = "splash-768x1024.png"; sourceTree = "<group>"; };
		AE9520A31B0B2C4D00E947D8 /* splash-768x1024@2x.png */ = {isa = PBXFileReference; lastKnownFileType = image.png; path = "splash-768x1024@2x.png"; sourceTree = "<group>"; };
		AEC39AAB1A5A95D100B155E4 /* AudioToolbox.framework */ = {isa = PBXFileReference; lastKnownFileType = wrapper.framework; name = AudioToolbox.framework; path = System/Library/Frameworks/AudioToolbox.framework; sourceTree = SDKROOT; };
		AEC39AB11A5A96AE00B155E4 /* VideoToolbox.framework */ = {isa = PBXFileReference; lastKnownFileType = wrapper.framework; name = VideoToolbox.framework; path = System/Library/Frameworks/VideoToolbox.framework; sourceTree = SDKROOT; };
		AEC39ADC1A5ADFF200B155E4 /* AVKit.framework */ = {isa = PBXFileReference; lastKnownFileType = wrapper.framework; name = AVKit.framework; path = System/Library/Frameworks/AVKit.framework; sourceTree = SDKROOT; };
		AEC39ADE1A5AE03100B155E4 /* AssetsLibrary.framework */ = {isa = PBXFileReference; lastKnownFileType = wrapper.framework; name = AssetsLibrary.framework; path = System/Library/Frameworks/AssetsLibrary.framework; sourceTree = SDKROOT; };
		AEC39AE11A5AE05D00B155E4 /* CoreMedia.framework */ = {isa = PBXFileReference; lastKnownFileType = wrapper.framework; name = CoreMedia.framework; path = System/Library/Frameworks/CoreMedia.framework; sourceTree = SDKROOT; };
		AEC39AE41A5AE11100B155E4 /* libcrypto.a */ = {isa = PBXFileReference; lastKnownFileType = archive.ar; name = libcrypto.a; path = "../../RestCommClient/openssl-1.0.1i/lib/libcrypto.a"; sourceTree = "<group>"; };
		AEC39AE51A5AE11100B155E4 /* libssl.a */ = {isa = PBXFileReference; lastKnownFileType = archive.ar; name = libssl.a; path = "../../RestCommClient/openssl-1.0.1i/lib/libssl.a"; sourceTree = "<group>"; };
		AEC39AE81A5AE18800B155E4 /* libresolv.dylib */ = {isa = PBXFileReference; lastKnownFileType = "compiled.mach-o.dylib"; name = libresolv.dylib; path = usr/lib/libresolv.dylib; sourceTree = SDKROOT; };
		AED0B0611A0976F8008A6057 /* en */ = {isa = PBXFileReference; lastKnownFileType = text.plist.strings; name = en; path = en.lproj/InfoPlist.strings; sourceTree = "<group>"; };
		AED0B0621A0976F8008A6057 /* restcomm-helloworldTests-Info.plist */ = {isa = PBXFileReference; fileEncoding = 4; lastKnownFileType = text.plist.xml; path = "restcomm-helloworldTests-Info.plist"; sourceTree = "<group>"; };
		AED0B0631A0976F8008A6057 /* restcomm-helloworldTests.m */ = {isa = PBXFileReference; fileEncoding = 4; lastKnownFileType = sourcecode.c.objc; path = "restcomm-helloworldTests.m"; sourceTree = "<group>"; };
		AED0B0681A097764008A6057 /* AppDelegate.h */ = {isa = PBXFileReference; fileEncoding = 4; lastKnownFileType = sourcecode.c.h; path = AppDelegate.h; sourceTree = "<group>"; };
		AED0B0691A097764008A6057 /* AppDelegate.m */ = {isa = PBXFileReference; fileEncoding = 4; lastKnownFileType = sourcecode.c.objc; path = AppDelegate.m; sourceTree = "<group>"; };
		AED0B06B1A097764008A6057 /* Base */ = {isa = PBXFileReference; lastKnownFileType = file.storyboard; name = Base; path = Base.lproj/Main_iPad.storyboard; sourceTree = "<group>"; };
		AED0B06D1A097764008A6057 /* Base */ = {isa = PBXFileReference; lastKnownFileType = file.storyboard; name = Base; path = Base.lproj/Main_iPhone.storyboard; sourceTree = "<group>"; };
		AED0B06F1A097764008A6057 /* en */ = {isa = PBXFileReference; lastKnownFileType = text.plist.strings; name = en; path = en.lproj/InfoPlist.strings; sourceTree = "<group>"; };
		AED0B0701A097764008A6057 /* Images.xcassets */ = {isa = PBXFileReference; lastKnownFileType = folder.assetcatalog; path = Images.xcassets; sourceTree = "<group>"; };
		AED0B0711A097764008A6057 /* main.m */ = {isa = PBXFileReference; fileEncoding = 4; lastKnownFileType = sourcecode.c.objc; path = main.m; sourceTree = "<group>"; };
		AED0B0721A097764008A6057 /* restcomm-helloworld-Info.plist */ = {isa = PBXFileReference; fileEncoding = 4; lastKnownFileType = text.plist.xml; path = "restcomm-helloworld-Info.plist"; sourceTree = "<group>"; };
		AED0B0731A097764008A6057 /* restcomm-helloworld-Prefix.pch */ = {isa = PBXFileReference; fileEncoding = 4; lastKnownFileType = sourcecode.c.h; path = "restcomm-helloworld-Prefix.pch"; sourceTree = "<group>"; };
		AED0B0771A097764008A6057 /* calling.mp3 */ = {isa = PBXFileReference; lastKnownFileType = audio.mp3; path = calling.mp3; sourceTree = "<group>"; };
		AED0B0781A097764008A6057 /* message.mp3 */ = {isa = PBXFileReference; lastKnownFileType = audio.mp3; path = message.mp3; sourceTree = "<group>"; };
		AED0B0791A097764008A6057 /* ringing.mp3 */ = {isa = PBXFileReference; lastKnownFileType = audio.mp3; path = ringing.mp3; sourceTree = "<group>"; };
		AED0B07C1A097764008A6057 /* ViewController.h */ = {isa = PBXFileReference; fileEncoding = 4; lastKnownFileType = sourcecode.c.h; path = ViewController.h; sourceTree = "<group>"; };
		AED0B07D1A097764008A6057 /* ViewController.mm */ = {isa = PBXFileReference; fileEncoding = 4; lastKnownFileType = sourcecode.cpp.objcpp; path = ViewController.mm; sourceTree = "<group>"; };
		AED9718919E98DB9000F7A8E /* readme.markdown */ = {isa = PBXFileReference; fileEncoding = 4; lastKnownFileType = text; path = readme.markdown; sourceTree = "<group>"; };
/* End PBXFileReference section */

/* Begin PBXFrameworksBuildPhase section */
		AE79D31319BC8DAD0023306C /* Frameworks */ = {
			isa = PBXFrameworksBuildPhase;
			buildActionMask = 2147483647;
			files = (
				AE79D31E19BC8DAD0023306C /* UIKit.framework in Frameworks */,
				AE79D31A19BC8DAD0023306C /* Foundation.framework in Frameworks */,
				AEFB39151B061FB300F85545 /* QuartzCore.framework in Frameworks */,
				AEFB39121B061FA400F85545 /* OpenGLES.framework in Frameworks */,
				AE505B871B061A0C0053F5B6 /* GLKit.framework in Frameworks */,
				AE65E3A41A6BC6A900C0CB1B /* AudioToolbox.framework in Frameworks */,
				AE65E3A31A6BC68F00C0CB1B /* CoreAudio.framework in Frameworks */,
				AE65E39F1A6BC66600C0CB1B /* CoreFoundation.framework in Frameworks */,
				AEC39AE31A5AE0A100B155E4 /* AssetsLibrary.framework in Frameworks */,
				AEC39ADB1A5ADF6100B155E4 /* AVFoundation.framework in Frameworks */,
				AEC39ADA1A5AD8D800B155E4 /* VideoToolbox.framework in Frameworks */,
				AE1C05B71B15DD9F00F5E834 /* libWebRTC-9190.a in Frameworks */,
				AE1C05BB1B15DDD100F5E834 /* libRestCommClient.a in Frameworks */,
				AE1C05BE1B15DDF200F5E834 /* libcrypto.a in Frameworks */,
				AE1C05BF1B15DDF200F5E834 /* libssl.a in Frameworks */,
				AE1C05C11B15DE1500F5E834 /* libsofia-sip-ua.a in Frameworks */,
				AE5821DF1A8AB76900578A7B /* libsqlite3.dylib in Frameworks */,
				AEC39AE91A5AE18800B155E4 /* libresolv.dylib in Frameworks */,
			);
			runOnlyForDeploymentPostprocessing = 0;
		};
		AE79D33719BC8DAE0023306C /* Frameworks */ = {
			isa = PBXFrameworksBuildPhase;
			buildActionMask = 2147483647;
			files = (
				AE79D33C19BC8DAE0023306C /* XCTest.framework in Frameworks */,
				AE79D33E19BC8DAE0023306C /* UIKit.framework in Frameworks */,
				AE79D33D19BC8DAE0023306C /* Foundation.framework in Frameworks */,
			);
			runOnlyForDeploymentPostprocessing = 0;
		};
/* End PBXFrameworksBuildPhase section */

/* Begin PBXGroup section */
		AE79D30D19BC8DAD0023306C = {
			isa = PBXGroup;
			children = (
				AED0B0671A097764008A6057 /* restcomm-helloworld */,
				AE79D31819BC8DAD0023306C /* Frameworks */,
				AE79D31719BC8DAD0023306C /* Products */,
				AED0B05F1A0976F8008A6057 /* restcomm-helloworldTests */,
				AED9718919E98DB9000F7A8E /* readme.markdown */,
			);
			sourceTree = "<group>";
		};
		AE79D31719BC8DAD0023306C /* Products */ = {
			isa = PBXGroup;
			children = (
				AE79D31619BC8DAD0023306C /* restcomm-helloworld.app */,
				AE79D33A19BC8DAE0023306C /* restcomm-helloworldTests.xctest */,
			);
			name = Products;
			sourceTree = "<group>";
		};
		AE79D31819BC8DAD0023306C /* Frameworks */ = {
			isa = PBXGroup;
			children = (
				AE1C05C01B15DE1500F5E834 /* libsofia-sip-ua.a */,
				AE1C05BC1B15DDF200F5E834 /* libcrypto.a */,
				AE1C05BD1B15DDF200F5E834 /* libssl.a */,
				AE1C05BA1B15DDD100F5E834 /* libRestCommClient.a */,
				AE1C05B61B15DD9F00F5E834 /* libWebRTC-9190.a */,
				AE41B0F01B0C907D000E91BB /* libRestCommClient.a */,
				AE182F971B09F70200B40A0F /* libWebRTC-9190.a */,
				AE505B811B0600870053F5B6 /* libsofia-sip-ua.a */,
				AE182F991B0A5C7100B40A0F /* GStreamer.framework */,
				AE5821E01A8AB79400578A7B /* GLKit.framework */,
				AE5821DE1A8AB76900578A7B /* libsqlite3.dylib */,
				AE65E3A71A6BC7AE00C0CB1B /* QuartzCore.framework */,
				AE65E3A51A6BC6BC00C0CB1B /* OpenGLES.framework */,
				AE65E3A21A6BC68F00C0CB1B /* CoreAudio.framework */,
				AE65E39E1A6BC66600C0CB1B /* CoreFoundation.framework */,
				AEC39AE81A5AE18800B155E4 /* libresolv.dylib */,
				AEC39AE41A5AE11100B155E4 /* libcrypto.a */,
				AEC39AE51A5AE11100B155E4 /* libssl.a */,
				AEC39AE11A5AE05D00B155E4 /* CoreMedia.framework */,
				AEC39ADE1A5AE03100B155E4 /* AssetsLibrary.framework */,
				AEC39ADC1A5ADFF200B155E4 /* AVKit.framework */,
				AEC39AB11A5A96AE00B155E4 /* VideoToolbox.framework */,
				AEC39AAB1A5A95D100B155E4 /* AudioToolbox.framework */,
				AE56121A1A064F5B009C9A4F /* AVFoundation.framework */,
				AE79D31919BC8DAD0023306C /* Foundation.framework */,
				AE79D31B19BC8DAD0023306C /* CoreGraphics.framework */,
				AE79D31D19BC8DAD0023306C /* UIKit.framework */,
				AE79D33B19BC8DAE0023306C /* XCTest.framework */,
			);
			name = Frameworks;
			sourceTree = "<group>";
		};
		AE9520861B0B268C00E947D8 /* img */ = {
			isa = PBXGroup;
			children = (
				AE95209F1B0B2C4D00E947D8 /* splash */,
				AE9520871B0B268C00E947D8 /* icon */,
			);
			path = img;
			sourceTree = "<group>";
		};
		AE9520871B0B268C00E947D8 /* icon */ = {
			isa = PBXGroup;
			children = (
				AE95208F1B0B2AC100E947D8 /* icon-29x29.png */,
				AE9520901B0B2AC100E947D8 /* icon-29x29@2x.png */,
				AE9520911B0B2AC100E947D8 /* icon-40x40.png */,
				AE9520921B0B2AC100E947D8 /* icon-40x40@2x.png */,
				AE9520931B0B2AC100E947D8 /* icon-60x60@2x.png */,
				AE9520941B0B2AC100E947D8 /* icon-60x60@3x.png */,
				AE9520951B0B2AC100E947D8 /* icon-76x76.png */,
				AE9520961B0B2AC100E947D8 /* icon-76x76@2x.png */,
			);
			path = icon;
			sourceTree = "<group>";
		};
		AE95209F1B0B2C4D00E947D8 /* splash */ = {
			isa = PBXGroup;
			children = (
				AE9520A01B0B2C4D00E947D8 /* splash-320x480@2x.png */,
				AE9520A11B0B2C4D00E947D8 /* splash-320x568@2x.png */,
				AE9520A21B0B2C4D00E947D8 /* splash-768x1024.png */,
				AE9520A31B0B2C4D00E947D8 /* splash-768x1024@2x.png */,
			);
			path = splash;
			sourceTree = "<group>";
		};
		AED0B05F1A0976F8008A6057 /* restcomm-helloworldTests */ = {
			isa = PBXGroup;
			children = (
				AED0B0601A0976F8008A6057 /* InfoPlist.strings */,
				AED0B0621A0976F8008A6057 /* restcomm-helloworldTests-Info.plist */,
				AED0B0631A0976F8008A6057 /* restcomm-helloworldTests.m */,
			);
			path = "restcomm-helloworldTests";
			sourceTree = "<group>";
		};
		AED0B0671A097764008A6057 /* restcomm-helloworld */ = {
			isa = PBXGroup;
			children = (
				AE9520861B0B268C00E947D8 /* img */,
				AED0B0681A097764008A6057 /* AppDelegate.h */,
				AED0B0691A097764008A6057 /* AppDelegate.m */,
				AED0B06A1A097764008A6057 /* Main_iPad.storyboard */,
				AED0B06C1A097764008A6057 /* Main_iPhone.storyboard */,
				AED0B06E1A097764008A6057 /* InfoPlist.strings */,
				AED0B0701A097764008A6057 /* Images.xcassets */,
				AED0B0711A097764008A6057 /* main.m */,
				AED0B0721A097764008A6057 /* restcomm-helloworld-Info.plist */,
				AED0B0731A097764008A6057 /* restcomm-helloworld-Prefix.pch */,
				AED0B07C1A097764008A6057 /* ViewController.h */,
				AED0B07D1A097764008A6057 /* ViewController.mm */,
				AED0B0761A097764008A6057 /* sounds */,
			);
			path = "restcomm-helloworld";
			sourceTree = "<group>";
		};
		AED0B0761A097764008A6057 /* sounds */ = {
			isa = PBXGroup;
			children = (
				AED0B0771A097764008A6057 /* calling.mp3 */,
				AED0B0781A097764008A6057 /* message.mp3 */,
				AED0B0791A097764008A6057 /* ringing.mp3 */,
			);
			path = sounds;
			sourceTree = "<group>";
		};
/* End PBXGroup section */

/* Begin PBXNativeTarget section */
		AE79D31519BC8DAD0023306C /* restcomm-helloworld */ = {
			isa = PBXNativeTarget;
			buildConfigurationList = AE79D34B19BC8DAE0023306C /* Build configuration list for PBXNativeTarget "restcomm-helloworld" */;
			buildPhases = (
				AE79D31219BC8DAD0023306C /* Sources */,
				AE79D31319BC8DAD0023306C /* Frameworks */,
				AE79D31419BC8DAD0023306C /* Resources */,
			);
			buildRules = (
			);
			dependencies = (
			);
			name = "restcomm-helloworld";
			productName = "test-ios-sip-sofia";
			productReference = AE79D31619BC8DAD0023306C /* restcomm-helloworld.app */;
			productType = "com.apple.product-type.application";
		};
		AE79D33919BC8DAE0023306C /* restcomm-helloworldTests */ = {
			isa = PBXNativeTarget;
			buildConfigurationList = AE79D34E19BC8DAE0023306C /* Build configuration list for PBXNativeTarget "restcomm-helloworldTests" */;
			buildPhases = (
				AE79D33619BC8DAE0023306C /* Sources */,
				AE79D33719BC8DAE0023306C /* Frameworks */,
				AE79D33819BC8DAE0023306C /* Resources */,
			);
			buildRules = (
			);
			dependencies = (
				AE79D34019BC8DAE0023306C /* PBXTargetDependency */,
			);
			name = "restcomm-helloworldTests";
			productName = "test-ios-sip-sofiaTests";
			productReference = AE79D33A19BC8DAE0023306C /* restcomm-helloworldTests.xctest */;
			productType = "com.apple.product-type.bundle.unit-test";
		};
/* End PBXNativeTarget section */

/* Begin PBXProject section */
		AE79D30E19BC8DAD0023306C /* Project object */ = {
			isa = PBXProject;
			attributes = {
				LastUpgradeCheck = 0630;
				ORGANIZATIONNAME = TeleStax;
				TargetAttributes = {
					AE79D31519BC8DAD0023306C = {
						DevelopmentTeam = 9LT3282HAP;
					};
					AE79D33919BC8DAE0023306C = {
						TestTargetID = AE79D31519BC8DAD0023306C;
					};
				};
			};
			buildConfigurationList = AE79D31119BC8DAD0023306C /* Build configuration list for PBXProject "restcomm-helloworld" */;
			compatibilityVersion = "Xcode 3.2";
			developmentRegion = English;
			hasScannedForEncodings = 0;
			knownRegions = (
				en,
				Base,
			);
			mainGroup = AE79D30D19BC8DAD0023306C;
			productRefGroup = AE79D31719BC8DAD0023306C /* Products */;
			projectDirPath = "";
			projectRoot = "";
			targets = (
				AE79D31519BC8DAD0023306C /* restcomm-helloworld */,
				AE79D33919BC8DAE0023306C /* restcomm-helloworldTests */,
				AED9718319E98B48000F7A8E /* Documentation */,
			);
		};
/* End PBXProject section */

/* Begin PBXResourcesBuildPhase section */
		AE79D31419BC8DAD0023306C /* Resources */ = {
			isa = PBXResourcesBuildPhase;
			buildActionMask = 2147483647;
			files = (
				AED0B0801A097764008A6057 /* Main_iPhone.storyboard in Resources */,
				AE9520A61B0B2C4D00E947D8 /* splash-768x1024.png in Resources */,
				AED0B0861A097764008A6057 /* calling.mp3 in Resources */,
				AE95209A1B0B2AC100E947D8 /* icon-40x40@2x.png in Resources */,
				AE9520991B0B2AC100E947D8 /* icon-40x40.png in Resources */,
				AE9520A41B0B2C4D00E947D8 /* splash-320x480@2x.png in Resources */,
				AED0B0821A097764008A6057 /* Images.xcassets in Resources */,
				AED0B0811A097764008A6057 /* InfoPlist.strings in Resources */,
				AE9520981B0B2AC100E947D8 /* icon-29x29@2x.png in Resources */,
				AE9520A71B0B2C4D00E947D8 /* splash-768x1024@2x.png in Resources */,
				AED0B0871A097764008A6057 /* message.mp3 in Resources */,
				AE95209D1B0B2AC100E947D8 /* icon-76x76.png in Resources */,
				AE95209E1B0B2AC100E947D8 /* icon-76x76@2x.png in Resources */,
				AED0B07F1A097764008A6057 /* Main_iPad.storyboard in Resources */,
				AE95209B1B0B2AC100E947D8 /* icon-60x60@2x.png in Resources */,
				AE9520971B0B2AC100E947D8 /* icon-29x29.png in Resources */,
				AE95209C1B0B2AC100E947D8 /* icon-60x60@3x.png in Resources */,
				AED0B0881A097764008A6057 /* ringing.mp3 in Resources */,
				AE9520A51B0B2C4D00E947D8 /* splash-320x568@2x.png in Resources */,
			);
			runOnlyForDeploymentPostprocessing = 0;
		};
		AE79D33819BC8DAE0023306C /* Resources */ = {
			isa = PBXResourcesBuildPhase;
			buildActionMask = 2147483647;
			files = (
				AED0B0641A0976F8008A6057 /* InfoPlist.strings in Resources */,
			);
			runOnlyForDeploymentPostprocessing = 0;
		};
/* End PBXResourcesBuildPhase section */

/* Begin PBXShellScriptBuildPhase section */
		AED9718819E98B77000F7A8E /* ShellScript */ = {
			isa = PBXShellScriptBuildPhase;
			buildActionMask = 2147483647;
			files = (
			);
			inputPaths = (
			);
			outputPaths = (
			);
			runOnlyForDeploymentPostprocessing = 0;
			shellPath = /bin/sh;
			shellScript = "/usr/local/bin/appledoc \\\n--project-name \"${PROJECT_NAME}\" \\\n--project-company \"Telestax\" \\\n--company-id \"com.telestax\" \\\n--output \"~/Projects/Help/${PROJECT_NAME}\" \\\n--install-docset \\\n--logformat xcode \\\n--keep-undocumented-objects \\\n--keep-undocumented-members \\\n--keep-intermediate-files \\\n--no-repeat-first-par \\\n--no-warn-invalid-crossref \\\n--merge-categories \\\n--exit-threshold 2 \\\n--docset-platform-family iphoneos \\\n--ignore \"*.m\" \\\n--include \"${PROJECT_DIR}/${PROJECT_NAME}/Documentation/Images\" \\\n--ignore \"LoadableCategory.h\" \\\n--index-desc \"${PROJECT_DIR}/readme.markdown\" \\\n\"${PROJECT_DIR}/test-ios-sip-sofia\"";
		};
		AEED877C19F42E51000C15C6 /* ShellScript */ = {
			isa = PBXShellScriptBuildPhase;
			buildActionMask = 2147483647;
			files = (
			);
			inputPaths = (
			);
			outputPaths = (
			);
			runOnlyForDeploymentPostprocessing = 0;
			shellPath = /bin/sh;
			shellScript = "cd \"${PROJECT_DIR}/doc\"\ndoxygen Doxyfile";
		};
/* End PBXShellScriptBuildPhase section */

/* Begin PBXSourcesBuildPhase section */
		AE79D31219BC8DAD0023306C /* Sources */ = {
			isa = PBXSourcesBuildPhase;
			buildActionMask = 2147483647;
			files = (
				AED0B0831A097764008A6057 /* main.m in Sources */,
				AED0B07E1A097764008A6057 /* AppDelegate.m in Sources */,
				AED0B08A1A097764008A6057 /* ViewController.mm in Sources */,
			);
			runOnlyForDeploymentPostprocessing = 0;
		};
		AE79D33619BC8DAE0023306C /* Sources */ = {
			isa = PBXSourcesBuildPhase;
			buildActionMask = 2147483647;
			files = (
				AED0B0661A0976F8008A6057 /* restcomm-helloworldTests.m in Sources */,
			);
			runOnlyForDeploymentPostprocessing = 0;
		};
/* End PBXSourcesBuildPhase section */

/* Begin PBXTargetDependency section */
		AE79D34019BC8DAE0023306C /* PBXTargetDependency */ = {
			isa = PBXTargetDependency;
			target = AE79D31519BC8DAD0023306C /* restcomm-helloworld */;
			targetProxy = AE79D33F19BC8DAE0023306C /* PBXContainerItemProxy */;
		};
/* End PBXTargetDependency section */

/* Begin PBXVariantGroup section */
		AED0B0601A0976F8008A6057 /* InfoPlist.strings */ = {
			isa = PBXVariantGroup;
			children = (
				AED0B0611A0976F8008A6057 /* en */,
			);
			name = InfoPlist.strings;
			sourceTree = "<group>";
		};
		AED0B06A1A097764008A6057 /* Main_iPad.storyboard */ = {
			isa = PBXVariantGroup;
			children = (
				AED0B06B1A097764008A6057 /* Base */,
			);
			name = Main_iPad.storyboard;
			sourceTree = "<group>";
		};
		AED0B06C1A097764008A6057 /* Main_iPhone.storyboard */ = {
			isa = PBXVariantGroup;
			children = (
				AED0B06D1A097764008A6057 /* Base */,
			);
			name = Main_iPhone.storyboard;
			sourceTree = "<group>";
		};
		AED0B06E1A097764008A6057 /* InfoPlist.strings */ = {
			isa = PBXVariantGroup;
			children = (
				AED0B06F1A097764008A6057 /* en */,
			);
			name = InfoPlist.strings;
			sourceTree = "<group>";
		};
/* End PBXVariantGroup section */

/* Begin XCBuildConfiguration section */
		AE79D34919BC8DAE0023306C /* Debug */ = {
			isa = XCBuildConfiguration;
			buildSettings = {
				ALWAYS_SEARCH_USER_PATHS = NO;
				CLANG_CXX_LANGUAGE_STANDARD = "gnu++0x";
				CLANG_CXX_LIBRARY = "libc++";
				CLANG_ENABLE_MODULES = YES;
				CLANG_ENABLE_OBJC_ARC = YES;
				CLANG_WARN_BOOL_CONVERSION = YES;
				CLANG_WARN_CONSTANT_CONVERSION = YES;
				CLANG_WARN_DIRECT_OBJC_ISA_USAGE = YES_ERROR;
				CLANG_WARN_EMPTY_BODY = YES;
				CLANG_WARN_ENUM_CONVERSION = YES;
				CLANG_WARN_INT_CONVERSION = YES;
				CLANG_WARN_OBJC_ROOT_CLASS = YES_ERROR;
				CLANG_WARN__DUPLICATE_METHOD_MATCH = YES;
				"CODE_SIGN_IDENTITY[sdk=iphoneos*]" = "iPhone Developer";
				COPY_PHASE_STRIP = NO;
				GCC_C_LANGUAGE_STANDARD = gnu99;
				GCC_DYNAMIC_NO_PIC = NO;
				GCC_OPTIMIZATION_LEVEL = 0;
				GCC_PREPROCESSOR_DEFINITIONS = (
					"DEBUG=1",
					"$(inherited)",
					"HAVE_SOCKETPAIR=0",
				);
				GCC_SYMBOLS_PRIVATE_EXTERN = NO;
				GCC_WARN_64_TO_32_BIT_CONVERSION = YES;
				GCC_WARN_ABOUT_RETURN_TYPE = YES_ERROR;
				GCC_WARN_UNDECLARED_SELECTOR = YES;
				GCC_WARN_UNINITIALIZED_AUTOS = YES_AGGRESSIVE;
				GCC_WARN_UNUSED_FUNCTION = YES;
				GCC_WARN_UNUSED_VARIABLE = YES;
				HEADER_SEARCH_PATHS = (
					"$(inherited)",
					/Applications/Xcode.app/Contents/Developer/Toolchains/XcodeDefault.xctoolchain/usr/include,
					$SOURCE_ROOT/../../RestCommClient/RestCommClient,
					$SOURCE_ROOT/../../RestCommClient/RestCommClient/SipManager,
				);
				IPHONEOS_DEPLOYMENT_TARGET = 7.1;
				ONLY_ACTIVE_ARCH = YES;
				SDKROOT = iphoneos;
				TARGETED_DEVICE_FAMILY = "1,2";
			};
			name = Debug;
		};
		AE79D34A19BC8DAE0023306C /* Release */ = {
			isa = XCBuildConfiguration;
			buildSettings = {
				ALWAYS_SEARCH_USER_PATHS = NO;
				CLANG_CXX_LANGUAGE_STANDARD = "gnu++0x";
				CLANG_CXX_LIBRARY = "libc++";
				CLANG_ENABLE_MODULES = YES;
				CLANG_ENABLE_OBJC_ARC = YES;
				CLANG_WARN_BOOL_CONVERSION = YES;
				CLANG_WARN_CONSTANT_CONVERSION = YES;
				CLANG_WARN_DIRECT_OBJC_ISA_USAGE = YES_ERROR;
				CLANG_WARN_EMPTY_BODY = YES;
				CLANG_WARN_ENUM_CONVERSION = YES;
				CLANG_WARN_INT_CONVERSION = YES;
				CLANG_WARN_OBJC_ROOT_CLASS = YES_ERROR;
				CLANG_WARN__DUPLICATE_METHOD_MATCH = YES;
				"CODE_SIGN_IDENTITY[sdk=iphoneos*]" = "iPhone Developer";
				COPY_PHASE_STRIP = YES;
				ENABLE_NS_ASSERTIONS = NO;
				GCC_C_LANGUAGE_STANDARD = gnu99;
				GCC_WARN_64_TO_32_BIT_CONVERSION = YES;
				GCC_WARN_ABOUT_RETURN_TYPE = YES_ERROR;
				GCC_WARN_UNDECLARED_SELECTOR = YES;
				GCC_WARN_UNINITIALIZED_AUTOS = YES_AGGRESSIVE;
				GCC_WARN_UNUSED_FUNCTION = YES;
				GCC_WARN_UNUSED_VARIABLE = YES;
				HEADER_SEARCH_PATHS = (
					"$(inherited)",
					/Applications/Xcode.app/Contents/Developer/Toolchains/XcodeDefault.xctoolchain/usr/include,
					$SOURCE_ROOT/../../RestCommClient/RestCommClient,
					$SOURCE_ROOT/../../RestCommClient/RestCommClient/SipManager,
				);
				IPHONEOS_DEPLOYMENT_TARGET = 7.1;
				ONLY_ACTIVE_ARCH = NO;
				SDKROOT = iphoneos;
				TARGETED_DEVICE_FAMILY = "1,2";
				VALIDATE_PRODUCT = YES;
			};
			name = Release;
		};
		AE79D34C19BC8DAE0023306C /* Debug */ = {
			isa = XCBuildConfiguration;
			buildSettings = {
				ASSETCATALOG_COMPILER_APPICON_NAME = AppIcon;
				ASSETCATALOG_COMPILER_LAUNCHIMAGE_NAME = LaunchImage;
				CODE_SIGN_IDENTITY = "iPhone Developer";
				FRAMEWORK_SEARCH_PATHS = (
					"$(inherited)",
					"$(SOURCE_ROOT)/../../dependencies/packages/GStreamer",
				);
				GCC_PRECOMPILE_PREFIX_HEADER = YES;
				GCC_PREFIX_HEADER = "restcomm-helloworld/restcomm-helloworld-Prefix.pch";
				HEADER_SEARCH_PATHS = (
					"$(inherited)",
					/Applications/Xcode.app/Contents/Developer/Toolchains/XcodeDefault.xctoolchain/usr/include,
					$SOURCE_ROOT/../../dependencies/packages/RestCommClientLib/include,
					$SOURCE_ROOT/../../dependencies/packages/webrtc/include,
				);
				INFOPLIST_FILE = "restcomm-helloworld/restcomm-helloworld-Info.plist";
				IPHONEOS_DEPLOYMENT_TARGET = 7.0;
				LIBRARY_SEARCH_PATHS = (
					"$(inherited)",
					"$SOURCE_ROOT/../../dependencies/packages/openssl-1.0.1i/lib/",
					"$SOURCE_ROOT/../../dependencies/packages/sofia-sip-1.12.11/lib",
					$SOURCE_ROOT/../../dependencies/packages/webrtc,
					$SOURCE_ROOT/../../dependencies/packages/RestCommClientLib,
				);
				ONLY_ACTIVE_ARCH = YES;
				OTHER_LDFLAGS = "-ObjC";
				PRODUCT_NAME = "restcomm-helloworld";
				VALID_ARCHS = "$(ARCHS_STANDARD) x86_64 i386";
				WRAPPER_EXTENSION = app;
			};
			name = Debug;
		};
		AE79D34D19BC8DAE0023306C /* Release */ = {
			isa = XCBuildConfiguration;
			buildSettings = {
				ASSETCATALOG_COMPILER_APPICON_NAME = AppIcon;
				ASSETCATALOG_COMPILER_LAUNCHIMAGE_NAME = LaunchImage;
				CODE_SIGN_IDENTITY = "iPhone Developer";
				FRAMEWORK_SEARCH_PATHS = (
					"$(inherited)",
					"$(SOURCE_ROOT)/../../dependencies/packages/GStreamer",
				);
				GCC_PRECOMPILE_PREFIX_HEADER = YES;
				GCC_PREFIX_HEADER = "restcomm-helloworld/restcomm-helloworld-Prefix.pch";
				HEADER_SEARCH_PATHS = (
					"$(inherited)",
					/Applications/Xcode.app/Contents/Developer/Toolchains/XcodeDefault.xctoolchain/usr/include,
					$SOURCE_ROOT/../../dependencies/packages/RestCommClientLib/include,
					$SOURCE_ROOT/../../dependencies/packages/webrtc/include,
				);
				INFOPLIST_FILE = "restcomm-helloworld/restcomm-helloworld-Info.plist";
				IPHONEOS_DEPLOYMENT_TARGET = 7.0;
				LIBRARY_SEARCH_PATHS = (
					"$(inherited)",
					"$SOURCE_ROOT/../../dependencies/packages/openssl-1.0.1i/lib/",
					"$SOURCE_ROOT/../../dependencies/packages/sofia-sip-1.12.11/lib",
					$SOURCE_ROOT/../../dependencies/packages/webrtc,
					$SOURCE_ROOT/../../dependencies/packages/RestCommClientLib,
				);
				OTHER_LDFLAGS = "-ObjC";
				PRODUCT_NAME = "restcomm-helloworld";
				VALID_ARCHS = "$(ARCHS_STANDARD) x86_64 i386";
				WRAPPER_EXTENSION = app;
			};
			name = Release;
		};
		AE79D34F19BC8DAE0023306C /* Debug */ = {
			isa = XCBuildConfiguration;
			buildSettings = {
				BUNDLE_LOADER = "$(BUILT_PRODUCTS_DIR)/restcomm-helloworld.app/restcomm-helloworld";
				FRAMEWORK_SEARCH_PATHS = (
					"$(SDKROOT)/Developer/Library/Frameworks",
					"$(inherited)",
					"$(DEVELOPER_FRAMEWORKS_DIR)",
				);
				GCC_PRECOMPILE_PREFIX_HEADER = YES;
				GCC_PREFIX_HEADER = "restcomm-helloworld/restcomm-helloworld-Prefix.pch";
				GCC_PREPROCESSOR_DEFINITIONS = (
					"DEBUG=1",
					"$(inherited)",
				);
				INFOPLIST_FILE = "restcomm-helloworldTests/restcomm-helloworldTests-Info.plist";
				PRODUCT_NAME = "restcomm-helloworldTests";
				TEST_HOST = "$(BUNDLE_LOADER)";
				WRAPPER_EXTENSION = xctest;
			};
			name = Debug;
		};
		AE79D35019BC8DAE0023306C /* Release */ = {
			isa = XCBuildConfiguration;
			buildSettings = {
				BUNDLE_LOADER = "$(BUILT_PRODUCTS_DIR)/restcomm-helloworld.app/restcomm-helloworld";
				FRAMEWORK_SEARCH_PATHS = (
					"$(SDKROOT)/Developer/Library/Frameworks",
					"$(inherited)",
					"$(DEVELOPER_FRAMEWORKS_DIR)",
				);
				GCC_PRECOMPILE_PREFIX_HEADER = YES;
				GCC_PREFIX_HEADER = "restcomm-helloworld/restcomm-helloworld-Prefix.pch";
				INFOPLIST_FILE = "restcomm-helloworldTests/restcomm-helloworldTests-Info.plist";
				PRODUCT_NAME = "restcomm-helloworldTests";
				TEST_HOST = "$(BUNDLE_LOADER)";
				WRAPPER_EXTENSION = xctest;
			};
			name = Release;
		};
		AED9718419E98B49000F7A8E /* Debug */ = {
			isa = XCBuildConfiguration;
			buildSettings = {
				PRODUCT_NAME = "$(TARGET_NAME)";
			};
			name = Debug;
		};
		AED9718519E98B49000F7A8E /* Release */ = {
			isa = XCBuildConfiguration;
			buildSettings = {
				PRODUCT_NAME = "$(TARGET_NAME)";
			};
			name = Release;
		};
/* End XCBuildConfiguration section */

/* Begin XCConfigurationList section */
		AE79D31119BC8DAD0023306C /* Build configuration list for PBXProject "restcomm-helloworld" */ = {
			isa = XCConfigurationList;
			buildConfigurations = (
				AE79D34919BC8DAE0023306C /* Debug */,
				AE79D34A19BC8DAE0023306C /* Release */,
			);
			defaultConfigurationIsVisible = 0;
			defaultConfigurationName = Release;
		};
		AE79D34B19BC8DAE0023306C /* Build configuration list for PBXNativeTarget "restcomm-helloworld" */ = {
			isa = XCConfigurationList;
			buildConfigurations = (
				AE79D34C19BC8DAE0023306C /* Debug */,
				AE79D34D19BC8DAE0023306C /* Release */,
			);
			defaultConfigurationIsVisible = 0;
			defaultConfigurationName = Release;
		};
		AE79D34E19BC8DAE0023306C /* Build configuration list for PBXNativeTarget "restcomm-helloworldTests" */ = {
			isa = XCConfigurationList;
			buildConfigurations = (
				AE79D34F19BC8DAE0023306C /* Debug */,
				AE79D35019BC8DAE0023306C /* Release */,
			);
			defaultConfigurationIsVisible = 0;
			defaultConfigurationName = Release;
		};
		AED9718719E98B49000F7A8E /* Build configuration list for PBXAggregateTarget "Documentation" */ = {
			isa = XCConfigurationList;
			buildConfigurations = (
				AED9718419E98B49000F7A8E /* Debug */,
				AED9718519E98B49000F7A8E /* Release */,
			);
			defaultConfigurationIsVisible = 0;
			defaultConfigurationName = Release;
		};
/* End XCConfigurationList section */
	};
	rootObject = AE79D30E19BC8DAD0023306C /* Project object */;
}
