// !$*UTF8*$!
{
	archiveVersion = 1;
	classes = {
	};
	objectVersion = 46;
	objects = {

/* Begin PBXAggregateTarget section */
		AED9718319E98B48000F7A8E /* Documentation */ = {
			isa = PBXAggregateTarget;
			buildConfigurationList = AED9718719E98B49000F7A8E /* Build configuration list for PBXAggregateTarget "Documentation" */;
			buildPhases = (
				AED9718819E98B77000F7A8E /* ShellScript */,
				AEED877C19F42E51000C15C6 /* ShellScript */,
			);
			dependencies = (
			);
			name = Documentation;
			productName = Documentation;
		};
/* End PBXAggregateTarget section */

/* Begin PBXBuildFile section */
		AE56121B1A064F5B009C9A4F /* AVFoundation.framework in Frameworks */ = {isa = PBXBuildFile; fileRef = AE56121A1A064F5B009C9A4F /* AVFoundation.framework */; };
		AE79D31A19BC8DAD0023306C /* Foundation.framework in Frameworks */ = {isa = PBXBuildFile; fileRef = AE79D31919BC8DAD0023306C /* Foundation.framework */; };
		AE79D31C19BC8DAD0023306C /* CoreGraphics.framework in Frameworks */ = {isa = PBXBuildFile; fileRef = AE79D31B19BC8DAD0023306C /* CoreGraphics.framework */; };
		AE79D31E19BC8DAD0023306C /* UIKit.framework in Frameworks */ = {isa = PBXBuildFile; fileRef = AE79D31D19BC8DAD0023306C /* UIKit.framework */; };
		AE79D33C19BC8DAE0023306C /* XCTest.framework in Frameworks */ = {isa = PBXBuildFile; fileRef = AE79D33B19BC8DAE0023306C /* XCTest.framework */; };
		AE79D33D19BC8DAE0023306C /* Foundation.framework in Frameworks */ = {isa = PBXBuildFile; fileRef = AE79D31919BC8DAD0023306C /* Foundation.framework */; };
		AE79D33E19BC8DAE0023306C /* UIKit.framework in Frameworks */ = {isa = PBXBuildFile; fileRef = AE79D31D19BC8DAD0023306C /* UIKit.framework */; };
		AEC6237119DDD26500F420CB /* libRestCommClient.a in Frameworks */ = {isa = PBXBuildFile; fileRef = AECB0D9019DB3E8000E7472F /* libRestCommClient.a */; };
		AED0B0641A0976F8008A6057 /* InfoPlist.strings in Resources */ = {isa = PBXBuildFile; fileRef = AED0B0601A0976F8008A6057 /* InfoPlist.strings */; };
		AED0B0661A0976F8008A6057 /* restcomm-messengerTests.m in Sources */ = {isa = PBXBuildFile; fileRef = AED0B0631A0976F8008A6057 /* restcomm-messengerTests.m */; };
		AED0B07E1A097764008A6057 /* AppDelegate.m in Sources */ = {isa = PBXBuildFile; fileRef = AED0B0691A097764008A6057 /* AppDelegate.m */; };
		AED0B07F1A097764008A6057 /* Main_iPad.storyboard in Resources */ = {isa = PBXBuildFile; fileRef = AED0B06A1A097764008A6057 /* Main_iPad.storyboard */; };
		AED0B0801A097764008A6057 /* Main_iPhone.storyboard in Resources */ = {isa = PBXBuildFile; fileRef = AED0B06C1A097764008A6057 /* Main_iPhone.storyboard */; };
		AED0B0811A097764008A6057 /* InfoPlist.strings in Resources */ = {isa = PBXBuildFile; fileRef = AED0B06E1A097764008A6057 /* InfoPlist.strings */; };
		AED0B0821A097764008A6057 /* Images.xcassets in Resources */ = {isa = PBXBuildFile; fileRef = AED0B0701A097764008A6057 /* Images.xcassets */; };
		AED0B0831A097764008A6057 /* main.m in Sources */ = {isa = PBXBuildFile; fileRef = AED0B0711A097764008A6057 /* main.m */; };
		AED0B0851A097764008A6057 /* SettingsViewController.mm in Sources */ = {isa = PBXBuildFile; fileRef = AED0B0751A097764008A6057 /* SettingsViewController.mm */; };
		AED0B0861A097764008A6057 /* calling.mp3 in Resources */ = {isa = PBXBuildFile; fileRef = AED0B0771A097764008A6057 /* calling.mp3 */; };
		AED0B0871A097764008A6057 /* message.mp3 in Resources */ = {isa = PBXBuildFile; fileRef = AED0B0781A097764008A6057 /* message.mp3 */; };
		AED0B0881A097764008A6057 /* ringing.mp3 in Resources */ = {isa = PBXBuildFile; fileRef = AED0B0791A097764008A6057 /* ringing.mp3 */; };
		AED0B0891A097764008A6057 /* TabBarController.mm in Sources */ = {isa = PBXBuildFile; fileRef = AED0B07B1A097764008A6057 /* TabBarController.mm */; };
		AED0B08A1A097764008A6057 /* ViewController.mm in Sources */ = {isa = PBXBuildFile; fileRef = AED0B07D1A097764008A6057 /* ViewController.mm */; };
/* End PBXBuildFile section */

/* Begin PBXContainerItemProxy section */
		AE79D33F19BC8DAE0023306C /* PBXContainerItemProxy */ = {
			isa = PBXContainerItemProxy;
			containerPortal = AE79D30E19BC8DAD0023306C /* Project object */;
			proxyType = 1;
			remoteGlobalIDString = AE79D31519BC8DAD0023306C;
			remoteInfo = "test-ios-sip-sofia";
		};
		AEC6236D19DDD11100F420CB /* PBXContainerItemProxy */ = {
			isa = PBXContainerItemProxy;
			containerPortal = AECB0D8A19DB3E8000E7472F /* RestCommClient.xcodeproj */;
			proxyType = 1;
			remoteGlobalIDString = AEC1220B19728C850035B864;
			remoteInfo = RestCommClient;
		};
		AECB0D8F19DB3E8000E7472F /* PBXContainerItemProxy */ = {
			isa = PBXContainerItemProxy;
			containerPortal = AECB0D8A19DB3E8000E7472F /* RestCommClient.xcodeproj */;
			proxyType = 2;
			remoteGlobalIDString = AEC1220C19728C850035B864;
			remoteInfo = RestCommClient;
		};
		AECB0D9119DB3E8000E7472F /* PBXContainerItemProxy */ = {
			isa = PBXContainerItemProxy;
			containerPortal = AECB0D8A19DB3E8000E7472F /* RestCommClient.xcodeproj */;
			proxyType = 2;
			remoteGlobalIDString = AEC1221C19728C850035B864;
			remoteInfo = RestCommClientTests;
		};
/* End PBXContainerItemProxy section */

/* Begin PBXFileReference section */
		AE56121A1A064F5B009C9A4F /* AVFoundation.framework */ = {isa = PBXFileReference; lastKnownFileType = wrapper.framework; name = AVFoundation.framework; path = System/Library/Frameworks/AVFoundation.framework; sourceTree = SDKROOT; };
		AE79D31619BC8DAD0023306C /* restcomm-messenger.app */ = {isa = PBXFileReference; explicitFileType = wrapper.application; includeInIndex = 0; path = "restcomm-messenger.app"; sourceTree = BUILT_PRODUCTS_DIR; };
		AE79D31919BC8DAD0023306C /* Foundation.framework */ = {isa = PBXFileReference; lastKnownFileType = wrapper.framework; name = Foundation.framework; path = System/Library/Frameworks/Foundation.framework; sourceTree = SDKROOT; };
		AE79D31B19BC8DAD0023306C /* CoreGraphics.framework */ = {isa = PBXFileReference; lastKnownFileType = wrapper.framework; name = CoreGraphics.framework; path = System/Library/Frameworks/CoreGraphics.framework; sourceTree = SDKROOT; };
		AE79D31D19BC8DAD0023306C /* UIKit.framework */ = {isa = PBXFileReference; lastKnownFileType = wrapper.framework; name = UIKit.framework; path = System/Library/Frameworks/UIKit.framework; sourceTree = SDKROOT; };
		AE79D33A19BC8DAE0023306C /* restcomm-messengerTests.xctest */ = {isa = PBXFileReference; explicitFileType = wrapper.cfbundle; includeInIndex = 0; path = "restcomm-messengerTests.xctest"; sourceTree = BUILT_PRODUCTS_DIR; };
		AE79D33B19BC8DAE0023306C /* XCTest.framework */ = {isa = PBXFileReference; lastKnownFileType = wrapper.framework; name = XCTest.framework; path = Library/Frameworks/XCTest.framework; sourceTree = DEVELOPER_DIR; };
		AEC39AAB1A5A95D100B155E4 /* AudioToolbox.framework */ = {isa = PBXFileReference; lastKnownFileType = wrapper.framework; name = AudioToolbox.framework; path = System/Library/Frameworks/AudioToolbox.framework; sourceTree = SDKROOT; };
		AEC39AAF1A5A961000B155E4 /* GStreamer.framework */ = {isa = PBXFileReference; lastKnownFileType = wrapper.framework; name = GStreamer.framework; path = ../../../../Library/Developer/GStreamer/iPhone.sdk/GStreamer.framework; sourceTree = "<group>"; };
		AEC39AB11A5A96AE00B155E4 /* VideoToolbox.framework */ = {isa = PBXFileReference; lastKnownFileType = wrapper.framework; name = VideoToolbox.framework; path = System/Library/Frameworks/VideoToolbox.framework; sourceTree = SDKROOT; };
		AECB0D8A19DB3E8000E7472F /* RestCommClient.xcodeproj */ = {isa = PBXFileReference; lastKnownFileType = "wrapper.pb-project"; name = RestCommClient.xcodeproj; path = ../../RestCommClient/RestCommClient.xcodeproj; sourceTree = "<group>"; };
		AED0B0611A0976F8008A6057 /* en */ = {isa = PBXFileReference; lastKnownFileType = text.plist.strings; name = en; path = en.lproj/InfoPlist.strings; sourceTree = "<group>"; };
		AED0B0621A0976F8008A6057 /* restcomm-messengerTests-Info.plist */ = {isa = PBXFileReference; fileEncoding = 4; lastKnownFileType = text.plist.xml; path = "restcomm-messengerTests-Info.plist"; sourceTree = "<group>"; };
		AED0B0631A0976F8008A6057 /* restcomm-messengerTests.m */ = {isa = PBXFileReference; fileEncoding = 4; lastKnownFileType = sourcecode.c.objc; path = "restcomm-messengerTests.m"; sourceTree = "<group>"; };
		AED0B0681A097764008A6057 /* AppDelegate.h */ = {isa = PBXFileReference; fileEncoding = 4; lastKnownFileType = sourcecode.c.h; path = AppDelegate.h; sourceTree = "<group>"; };
		AED0B0691A097764008A6057 /* AppDelegate.m */ = {isa = PBXFileReference; fileEncoding = 4; lastKnownFileType = sourcecode.c.objc; path = AppDelegate.m; sourceTree = "<group>"; };
		AED0B06B1A097764008A6057 /* Base */ = {isa = PBXFileReference; lastKnownFileType = file.storyboard; name = Base; path = Base.lproj/Main_iPad.storyboard; sourceTree = "<group>"; };
		AED0B06D1A097764008A6057 /* Base */ = {isa = PBXFileReference; lastKnownFileType = file.storyboard; name = Base; path = Base.lproj/Main_iPhone.storyboard; sourceTree = "<group>"; };
		AED0B06F1A097764008A6057 /* en */ = {isa = PBXFileReference; lastKnownFileType = text.plist.strings; name = en; path = en.lproj/InfoPlist.strings; sourceTree = "<group>"; };
		AED0B0701A097764008A6057 /* Images.xcassets */ = {isa = PBXFileReference; lastKnownFileType = folder.assetcatalog; path = Images.xcassets; sourceTree = "<group>"; };
		AED0B0711A097764008A6057 /* main.m */ = {isa = PBXFileReference; fileEncoding = 4; lastKnownFileType = sourcecode.c.objc; path = main.m; sourceTree = "<group>"; };
		AED0B0721A097764008A6057 /* restcomm-messenger-Info.plist */ = {isa = PBXFileReference; fileEncoding = 4; lastKnownFileType = text.plist.xml; path = "restcomm-messenger-Info.plist"; sourceTree = "<group>"; };
		AED0B0731A097764008A6057 /* restcomm-messenger-Prefix.pch */ = {isa = PBXFileReference; fileEncoding = 4; lastKnownFileType = sourcecode.c.h; path = "restcomm-messenger-Prefix.pch"; sourceTree = "<group>"; };
		AED0B0741A097764008A6057 /* SettingsViewController.h */ = {isa = PBXFileReference; fileEncoding = 4; lastKnownFileType = sourcecode.c.h; path = SettingsViewController.h; sourceTree = "<group>"; };
		AED0B0751A097764008A6057 /* SettingsViewController.mm */ = {isa = PBXFileReference; fileEncoding = 4; lastKnownFileType = sourcecode.cpp.objcpp; path = SettingsViewController.mm; sourceTree = "<group>"; };
		AED0B0771A097764008A6057 /* calling.mp3 */ = {isa = PBXFileReference; lastKnownFileType = audio.mp3; path = calling.mp3; sourceTree = "<group>"; };
		AED0B0781A097764008A6057 /* message.mp3 */ = {isa = PBXFileReference; lastKnownFileType = audio.mp3; path = message.mp3; sourceTree = "<group>"; };
		AED0B0791A097764008A6057 /* ringing.mp3 */ = {isa = PBXFileReference; lastKnownFileType = audio.mp3; path = ringing.mp3; sourceTree = "<group>"; };
		AED0B07A1A097764008A6057 /* TabBarController.h */ = {isa = PBXFileReference; fileEncoding = 4; lastKnownFileType = sourcecode.c.h; path = TabBarController.h; sourceTree = "<group>"; };
		AED0B07B1A097764008A6057 /* TabBarController.mm */ = {isa = PBXFileReference; fileEncoding = 4; lastKnownFileType = sourcecode.cpp.objcpp; path = TabBarController.mm; sourceTree = "<group>"; };
		AED0B07C1A097764008A6057 /* ViewController.h */ = {isa = PBXFileReference; fileEncoding = 4; lastKnownFileType = sourcecode.c.h; path = ViewController.h; sourceTree = "<group>"; };
		AED0B07D1A097764008A6057 /* ViewController.mm */ = {isa = PBXFileReference; fileEncoding = 4; lastKnownFileType = sourcecode.cpp.objcpp; path = ViewController.mm; sourceTree = "<group>"; };
		AED9718919E98DB9000F7A8E /* readme.markdown */ = {isa = PBXFileReference; fileEncoding = 4; lastKnownFileType = text; path = readme.markdown; sourceTree = "<group>"; };
/* End PBXFileReference section */

/* Begin PBXFrameworksBuildPhase section */
		AE79D31319BC8DAD0023306C /* Frameworks */ = {
			isa = PBXFrameworksBuildPhase;
			buildActionMask = 2147483647;
			files = (
				AE56121B1A064F5B009C9A4F /* AVFoundation.framework in Frameworks */,
				AEC6237119DDD26500F420CB /* libRestCommClient.a in Frameworks */,
				AE79D31C19BC8DAD0023306C /* CoreGraphics.framework in Frameworks */,
				AE79D31E19BC8DAD0023306C /* UIKit.framework in Frameworks */,
				AE79D31A19BC8DAD0023306C /* Foundation.framework in Frameworks */,
			);
			runOnlyForDeploymentPostprocessing = 0;
		};
		AE79D33719BC8DAE0023306C /* Frameworks */ = {
			isa = PBXFrameworksBuildPhase;
			buildActionMask = 2147483647;
			files = (
				AE79D33C19BC8DAE0023306C /* XCTest.framework in Frameworks */,
				AE79D33E19BC8DAE0023306C /* UIKit.framework in Frameworks */,
				AE79D33D19BC8DAE0023306C /* Foundation.framework in Frameworks */,
			);
			runOnlyForDeploymentPostprocessing = 0;
		};
/* End PBXFrameworksBuildPhase section */

/* Begin PBXGroup section */
		AE79D30D19BC8DAD0023306C = {
			isa = PBXGroup;
			children = (
				AECB0D8A19DB3E8000E7472F /* RestCommClient.xcodeproj */,
				AED0B0671A097764008A6057 /* restcomm-messenger */,
				AE79D31819BC8DAD0023306C /* Frameworks */,
				AE79D31719BC8DAD0023306C /* Products */,
				AED0B05F1A0976F8008A6057 /* restcomm-messengerTests */,
				AED9718919E98DB9000F7A8E /* readme.markdown */,
			);
			sourceTree = "<group>";
		};
		AE79D31719BC8DAD0023306C /* Products */ = {
			isa = PBXGroup;
			children = (
				AE79D31619BC8DAD0023306C /* restcomm-messenger.app */,
				AE79D33A19BC8DAE0023306C /* restcomm-messengerTests.xctest */,
			);
			name = Products;
			sourceTree = "<group>";
		};
		AE79D31819BC8DAD0023306C /* Frameworks */ = {
			isa = PBXGroup;
			children = (
				AEC39AB11A5A96AE00B155E4 /* VideoToolbox.framework */,
				AEC39AAF1A5A961000B155E4 /* GStreamer.framework */,
				AEC39AAB1A5A95D100B155E4 /* AudioToolbox.framework */,
				AE56121A1A064F5B009C9A4F /* AVFoundation.framework */,
				AE79D31919BC8DAD0023306C /* Foundation.framework */,
				AE79D31B19BC8DAD0023306C /* CoreGraphics.framework */,
				AE79D31D19BC8DAD0023306C /* UIKit.framework */,
				AE79D33B19BC8DAE0023306C /* XCTest.framework */,
			);
			name = Frameworks;
			sourceTree = "<group>";
		};
		AECB0D8B19DB3E8000E7472F /* Products */ = {
			isa = PBXGroup;
			children = (
				AECB0D9019DB3E8000E7472F /* libRestCommClient.a */,
				AECB0D9219DB3E8000E7472F /* RestCommClientTests.xctest */,
			);
			name = Products;
			sourceTree = "<group>";
		};
		AED0B05F1A0976F8008A6057 /* restcomm-messengerTests */ = {
			isa = PBXGroup;
			children = (
				AED0B0601A0976F8008A6057 /* InfoPlist.strings */,
				AED0B0621A0976F8008A6057 /* restcomm-messengerTests-Info.plist */,
				AED0B0631A0976F8008A6057 /* restcomm-messengerTests.m */,
			);
			path = "restcomm-messengerTests";
			sourceTree = "<group>";
		};
		AED0B0671A097764008A6057 /* restcomm-messenger */ = {
			isa = PBXGroup;
			children = (
				AED0B0681A097764008A6057 /* AppDelegate.h */,
				AED0B0691A097764008A6057 /* AppDelegate.m */,
				AED0B06A1A097764008A6057 /* Main_iPad.storyboard */,
				AED0B06C1A097764008A6057 /* Main_iPhone.storyboard */,
				AED0B06E1A097764008A6057 /* InfoPlist.strings */,
				AED0B0701A097764008A6057 /* Images.xcassets */,
				AED0B0711A097764008A6057 /* main.m */,
				AED0B0721A097764008A6057 /* restcomm-messenger-Info.plist */,
				AED0B0731A097764008A6057 /* restcomm-messenger-Prefix.pch */,
				AED0B0741A097764008A6057 /* SettingsViewController.h */,
				AED0B0751A097764008A6057 /* SettingsViewController.mm */,
				AED0B0761A097764008A6057 /* sounds */,
				AED0B07A1A097764008A6057 /* TabBarController.h */,
				AED0B07B1A097764008A6057 /* TabBarController.mm */,
				AED0B07C1A097764008A6057 /* ViewController.h */,
				AED0B07D1A097764008A6057 /* ViewController.mm */,
			);
			path = "restcomm-messenger";
			sourceTree = "<group>";
		};
		AED0B0761A097764008A6057 /* sounds */ = {
			isa = PBXGroup;
			children = (
				AED0B0771A097764008A6057 /* calling.mp3 */,
				AED0B0781A097764008A6057 /* message.mp3 */,
				AED0B0791A097764008A6057 /* ringing.mp3 */,
			);
			path = sounds;
			sourceTree = "<group>";
		};
/* End PBXGroup section */

/* Begin PBXNativeTarget section */
		AE79D31519BC8DAD0023306C /* restcomm-messenger */ = {
			isa = PBXNativeTarget;
			buildConfigurationList = AE79D34B19BC8DAE0023306C /* Build configuration list for PBXNativeTarget "restcomm-messenger" */;
			buildPhases = (
				AE79D31219BC8DAD0023306C /* Sources */,
				AE79D31319BC8DAD0023306C /* Frameworks */,
				AE79D31419BC8DAD0023306C /* Resources */,
			);
			buildRules = (
			);
			dependencies = (
				AEC6236E19DDD11100F420CB /* PBXTargetDependency */,
			);
			name = "restcomm-messenger";
			productName = "test-ios-sip-sofia";
			productReference = AE79D31619BC8DAD0023306C /* restcomm-messenger.app */;
			productType = "com.apple.product-type.application";
		};
		AE79D33919BC8DAE0023306C /* restcomm-messengerTests */ = {
			isa = PBXNativeTarget;
			buildConfigurationList = AE79D34E19BC8DAE0023306C /* Build configuration list for PBXNativeTarget "restcomm-messengerTests" */;
			buildPhases = (
				AE79D33619BC8DAE0023306C /* Sources */,
				AE79D33719BC8DAE0023306C /* Frameworks */,
				AE79D33819BC8DAE0023306C /* Resources */,
			);
			buildRules = (
			);
			dependencies = (
				AE79D34019BC8DAE0023306C /* PBXTargetDependency */,
			);
			name = "restcomm-messengerTests";
			productName = "test-ios-sip-sofiaTests";
			productReference = AE79D33A19BC8DAE0023306C /* restcomm-messengerTests.xctest */;
			productType = "com.apple.product-type.bundle.unit-test";
		};
/* End PBXNativeTarget section */

/* Begin PBXProject section */
		AE79D30E19BC8DAD0023306C /* Project object */ = {
			isa = PBXProject;
			attributes = {
				LastUpgradeCheck = 0510;
				ORGANIZATIONNAME = TeleStax;
				TargetAttributes = {
					AE79D33919BC8DAE0023306C = {
						TestTargetID = AE79D31519BC8DAD0023306C;
					};
				};
			};
			buildConfigurationList = AE79D31119BC8DAD0023306C /* Build configuration list for PBXProject "restcomm-messenger" */;
			compatibilityVersion = "Xcode 3.2";
			developmentRegion = English;
			hasScannedForEncodings = 0;
			knownRegions = (
				en,
				Base,
			);
			mainGroup = AE79D30D19BC8DAD0023306C;
			productRefGroup = AE79D31719BC8DAD0023306C /* Products */;
			projectDirPath = "";
			projectReferences = (
				{
					ProductGroup = AECB0D8B19DB3E8000E7472F /* Products */;
					ProjectRef = AECB0D8A19DB3E8000E7472F /* RestCommClient.xcodeproj */;
				},
			);
			projectRoot = "";
			targets = (
				AE79D31519BC8DAD0023306C /* restcomm-messenger */,
				AE79D33919BC8DAE0023306C /* restcomm-messengerTests */,
				AED9718319E98B48000F7A8E /* Documentation */,
			);
		};
/* End PBXProject section */

/* Begin PBXReferenceProxy section */
		AECB0D9019DB3E8000E7472F /* libRestCommClient.a */ = {
			isa = PBXReferenceProxy;
			fileType = archive.ar;
			path = libRestCommClient.a;
			remoteRef = AECB0D8F19DB3E8000E7472F /* PBXContainerItemProxy */;
			sourceTree = BUILT_PRODUCTS_DIR;
		};
		AECB0D9219DB3E8000E7472F /* RestCommClientTests.xctest */ = {
			isa = PBXReferenceProxy;
			fileType = wrapper.cfbundle;
			path = RestCommClientTests.xctest;
			remoteRef = AECB0D9119DB3E8000E7472F /* PBXContainerItemProxy */;
			sourceTree = BUILT_PRODUCTS_DIR;
		};
/* End PBXReferenceProxy section */

/* Begin PBXResourcesBuildPhase section */
		AE79D31419BC8DAD0023306C /* Resources */ = {
			isa = PBXResourcesBuildPhase;
			buildActionMask = 2147483647;
			files = (
				AED0B0801A097764008A6057 /* Main_iPhone.storyboard in Resources */,
				AED0B0861A097764008A6057 /* calling.mp3 in Resources */,
				AED0B0821A097764008A6057 /* Images.xcassets in Resources */,
				AED0B0811A097764008A6057 /* InfoPlist.strings in Resources */,
				AED0B0871A097764008A6057 /* message.mp3 in Resources */,
				AED0B07F1A097764008A6057 /* Main_iPad.storyboard in Resources */,
				AED0B0881A097764008A6057 /* ringing.mp3 in Resources */,
			);
			runOnlyForDeploymentPostprocessing = 0;
		};
		AE79D33819BC8DAE0023306C /* Resources */ = {
			isa = PBXResourcesBuildPhase;
			buildActionMask = 2147483647;
			files = (
				AED0B0641A0976F8008A6057 /* InfoPlist.strings in Resources */,
			);
			runOnlyForDeploymentPostprocessing = 0;
		};
/* End PBXResourcesBuildPhase section */

/* Begin PBXShellScriptBuildPhase section */
		AED9718819E98B77000F7A8E /* ShellScript */ = {
			isa = PBXShellScriptBuildPhase;
			buildActionMask = 2147483647;
			files = (
			);
			inputPaths = (
			);
			outputPaths = (
			);
			runOnlyForDeploymentPostprocessing = 0;
			shellPath = /bin/sh;
			shellScript = "/usr/local/bin/appledoc \\\n--project-name \"${PROJECT_NAME}\" \\\n--project-company \"Telestax\" \\\n--company-id \"com.telestax\" \\\n--output \"~/Projects/Help/${PROJECT_NAME}\" \\\n--install-docset \\\n--logformat xcode \\\n--keep-undocumented-objects \\\n--keep-undocumented-members \\\n--keep-intermediate-files \\\n--no-repeat-first-par \\\n--no-warn-invalid-crossref \\\n--merge-categories \\\n--exit-threshold 2 \\\n--docset-platform-family iphoneos \\\n--ignore \"*.m\" \\\n--include \"${PROJECT_DIR}/${PROJECT_NAME}/Documentation/Images\" \\\n--ignore \"LoadableCategory.h\" \\\n--index-desc \"${PROJECT_DIR}/readme.markdown\" \\\n\"${PROJECT_DIR}/test-ios-sip-sofia\"";
		};
		AEED877C19F42E51000C15C6 /* ShellScript */ = {
			isa = PBXShellScriptBuildPhase;
			buildActionMask = 2147483647;
			files = (
			);
			inputPaths = (
			);
			outputPaths = (
			);
			runOnlyForDeploymentPostprocessing = 0;
			shellPath = /bin/sh;
			shellScript = "cd \"${PROJECT_DIR}/doc\"\ndoxygen Doxyfile";
		};
/* End PBXShellScriptBuildPhase section */

/* Begin PBXSourcesBuildPhase section */
		AE79D31219BC8DAD0023306C /* Sources */ = {
			isa = PBXSourcesBuildPhase;
			buildActionMask = 2147483647;
			files = (
				AED0B0831A097764008A6057 /* main.m in Sources */,
				AED0B07E1A097764008A6057 /* AppDelegate.m in Sources */,
				AED0B08A1A097764008A6057 /* ViewController.mm in Sources */,
				AED0B0851A097764008A6057 /* SettingsViewController.mm in Sources */,
				AED0B0891A097764008A6057 /* TabBarController.mm in Sources */,
			);
			runOnlyForDeploymentPostprocessing = 0;
		};
		AE79D33619BC8DAE0023306C /* Sources */ = {
			isa = PBXSourcesBuildPhase;
			buildActionMask = 2147483647;
			files = (
				AED0B0661A0976F8008A6057 /* restcomm-messengerTests.m in Sources */,
			);
			runOnlyForDeploymentPostprocessing = 0;
		};
/* End PBXSourcesBuildPhase section */

/* Begin PBXTargetDependency section */
		AE79D34019BC8DAE0023306C /* PBXTargetDependency */ = {
			isa = PBXTargetDependency;
			target = AE79D31519BC8DAD0023306C /* restcomm-messenger */;
			targetProxy = AE79D33F19BC8DAE0023306C /* PBXContainerItemProxy */;
		};
		AEC6236E19DDD11100F420CB /* PBXTargetDependency */ = {
			isa = PBXTargetDependency;
			name = RestCommClient;
			targetProxy = AEC6236D19DDD11100F420CB /* PBXContainerItemProxy */;
		};
/* End PBXTargetDependency section */

/* Begin PBXVariantGroup section */
		AED0B0601A0976F8008A6057 /* InfoPlist.strings */ = {
			isa = PBXVariantGroup;
			children = (
				AED0B0611A0976F8008A6057 /* en */,
			);
			name = InfoPlist.strings;
			sourceTree = "<group>";
		};
		AED0B06A1A097764008A6057 /* Main_iPad.storyboard */ = {
			isa = PBXVariantGroup;
			children = (
				AED0B06B1A097764008A6057 /* Base */,
			);
			name = Main_iPad.storyboard;
			sourceTree = "<group>";
		};
		AED0B06C1A097764008A6057 /* Main_iPhone.storyboard */ = {
			isa = PBXVariantGroup;
			children = (
				AED0B06D1A097764008A6057 /* Base */,
			);
			name = Main_iPhone.storyboard;
			sourceTree = "<group>";
		};
		AED0B06E1A097764008A6057 /* InfoPlist.strings */ = {
			isa = PBXVariantGroup;
			children = (
				AED0B06F1A097764008A6057 /* en */,
			);
			name = InfoPlist.strings;
			sourceTree = "<group>";
		};
/* End PBXVariantGroup section */

/* Begin XCBuildConfiguration section */
		AE79D34919BC8DAE0023306C /* Debug */ = {
			isa = XCBuildConfiguration;
			buildSettings = {
				ALWAYS_SEARCH_USER_PATHS = NO;
				ARCHS = "$(ARCHS_STANDARD)";
				CLANG_CXX_LANGUAGE_STANDARD = "gnu++0x";
				CLANG_CXX_LIBRARY = "libc++";
				CLANG_ENABLE_MODULES = YES;
				CLANG_ENABLE_OBJC_ARC = YES;
				CLANG_WARN_BOOL_CONVERSION = YES;
				CLANG_WARN_CONSTANT_CONVERSION = YES;
				CLANG_WARN_DIRECT_OBJC_ISA_USAGE = YES_ERROR;
				CLANG_WARN_EMPTY_BODY = YES;
				CLANG_WARN_ENUM_CONVERSION = YES;
				CLANG_WARN_INT_CONVERSION = YES;
				CLANG_WARN_OBJC_ROOT_CLASS = YES_ERROR;
				CLANG_WARN__DUPLICATE_METHOD_MATCH = YES;
				"CODE_SIGN_IDENTITY[sdk=iphoneos*]" = "iPhone Developer";
				COPY_PHASE_STRIP = NO;
				GCC_C_LANGUAGE_STANDARD = gnu99;
				GCC_DYNAMIC_NO_PIC = NO;
				GCC_OPTIMIZATION_LEVEL = 0;
				GCC_PREPROCESSOR_DEFINITIONS = (
					"DEBUG=1",
					"$(inherited)",
					"HAVE_SOCKETPAIR=0",
				);
				GCC_SYMBOLS_PRIVATE_EXTERN = NO;
				GCC_WARN_64_TO_32_BIT_CONVERSION = YES;
				GCC_WARN_ABOUT_RETURN_TYPE = YES_ERROR;
				GCC_WARN_UNDECLARED_SELECTOR = YES;
				GCC_WARN_UNINITIALIZED_AUTOS = YES_AGGRESSIVE;
				GCC_WARN_UNUSED_FUNCTION = YES;
				GCC_WARN_UNUSED_VARIABLE = YES;
				HEADER_SEARCH_PATHS = (
					"$(inherited)",
					/Applications/Xcode.app/Contents/Developer/Toolchains/XcodeDefault.xctoolchain/usr/include,
					$SOURCE_ROOT/../../RestCommClient/RestCommClient,
					$SOURCE_ROOT/../../RestCommClient/RestCommClient/SipManager,
				);
				IPHONEOS_DEPLOYMENT_TARGET = 7.1;
				ONLY_ACTIVE_ARCH = YES;
				SDKROOT = iphoneos;
				TARGETED_DEVICE_FAMILY = "1,2";
			};
			name = Debug;
		};
		AE79D34A19BC8DAE0023306C /* Release */ = {
			isa = XCBuildConfiguration;
			buildSettings = {
				ALWAYS_SEARCH_USER_PATHS = NO;
				ARCHS = "$(ARCHS_STANDARD)";
				CLANG_CXX_LANGUAGE_STANDARD = "gnu++0x";
				CLANG_CXX_LIBRARY = "libc++";
				CLANG_ENABLE_MODULES = YES;
				CLANG_ENABLE_OBJC_ARC = YES;
				CLANG_WARN_BOOL_CONVERSION = YES;
				CLANG_WARN_CONSTANT_CONVERSION = YES;
				CLANG_WARN_DIRECT_OBJC_ISA_USAGE = YES_ERROR;
				CLANG_WARN_EMPTY_BODY = YES;
				CLANG_WARN_ENUM_CONVERSION = YES;
				CLANG_WARN_INT_CONVERSION = YES;
				CLANG_WARN_OBJC_ROOT_CLASS = YES_ERROR;
				CLANG_WARN__DUPLICATE_METHOD_MATCH = YES;
				"CODE_SIGN_IDENTITY[sdk=iphoneos*]" = "iPhone Developer";
				COPY_PHASE_STRIP = YES;
				ENABLE_NS_ASSERTIONS = NO;
				GCC_C_LANGUAGE_STANDARD = gnu99;
				GCC_WARN_64_TO_32_BIT_CONVERSION = YES;
				GCC_WARN_ABOUT_RETURN_TYPE = YES_ERROR;
				GCC_WARN_UNDECLARED_SELECTOR = YES;
				GCC_WARN_UNINITIALIZED_AUTOS = YES_AGGRESSIVE;
				GCC_WARN_UNUSED_FUNCTION = YES;
				GCC_WARN_UNUSED_VARIABLE = YES;
				HEADER_SEARCH_PATHS = (
					"$(inherited)",
					/Applications/Xcode.app/Contents/Developer/Toolchains/XcodeDefault.xctoolchain/usr/include,
					$SOURCE_ROOT/../../RestCommClient/RestCommClient,
					$SOURCE_ROOT/../../RestCommClient/RestCommClient/SipManager,
				);
				IPHONEOS_DEPLOYMENT_TARGET = 7.1;
				SDKROOT = iphoneos;
				TARGETED_DEVICE_FAMILY = "1,2";
				VALIDATE_PRODUCT = YES;
			};
			name = Release;
		};
		AE79D34C19BC8DAE0023306C /* Debug */ = {
			isa = XCBuildConfiguration;
			buildSettings = {
				ARCHS = "$(ARCHS_STANDARD)";
				ASSETCATALOG_COMPILER_APPICON_NAME = AppIcon;
				ASSETCATALOG_COMPILER_LAUNCHIMAGE_NAME = LaunchImage;
				FRAMEWORK_SEARCH_PATHS = (
					"$(inherited)",
					"$(USER_LIBRARY_DIR)/Developer/GStreamer/iPhone.sdk",
				);
				GCC_PRECOMPILE_PREFIX_HEADER = YES;
				GCC_PREFIX_HEADER = "restcomm-messenger/restcomm-messenger-Prefix.pch";
				INFOPLIST_FILE = "restcomm-messenger/restcomm-messenger-Info.plist";
				IPHONEOS_DEPLOYMENT_TARGET = 6.0;
				LIBRARY_SEARCH_PATHS = "$(inherited)";
				ONLY_ACTIVE_ARCH = YES;
				OTHER_LDFLAGS = "-ObjC";
				PRODUCT_NAME = "restcomm-messenger";
				VALID_ARCHS = "$(ARCHS_STANDARD) x86_64 i386";
				WRAPPER_EXTENSION = app;
			};
			name = Debug;
		};
		AE79D34D19BC8DAE0023306C /* Release */ = {
			isa = XCBuildConfiguration;
			buildSettings = {
				ARCHS = "$(ARCHS_STANDARD)";
				ASSETCATALOG_COMPILER_APPICON_NAME = AppIcon;
				ASSETCATALOG_COMPILER_LAUNCHIMAGE_NAME = LaunchImage;
				FRAMEWORK_SEARCH_PATHS = (
					"$(inherited)",
					"$(USER_LIBRARY_DIR)/Developer/GStreamer/iPhone.sdk",
				);
				GCC_PRECOMPILE_PREFIX_HEADER = YES;
				GCC_PREFIX_HEADER = "restcomm-messenger/restcomm-messenger-Prefix.pch";
				INFOPLIST_FILE = "restcomm-messenger/restcomm-messenger-Info.plist";
				IPHONEOS_DEPLOYMENT_TARGET = 6.0;
				LIBRARY_SEARCH_PATHS = "$(inherited)";
				OTHER_LDFLAGS = "-ObjC";
				PRODUCT_NAME = "restcomm-messenger";
				VALID_ARCHS = "$(ARCHS_STANDARD) x86_64 i386";
				WRAPPER_EXTENSION = app;
			};
			name = Release;
		};
		AE79D34F19BC8DAE0023306C /* Debug */ = {
			isa = XCBuildConfiguration;
			buildSettings = {
				BUNDLE_LOADER = "$(BUILT_PRODUCTS_DIR)/test-ios-client.app/test-ios-client";
				FRAMEWORK_SEARCH_PATHS = (
					"$(SDKROOT)/Developer/Library/Frameworks",
					"$(inherited)",
					"$(DEVELOPER_FRAMEWORKS_DIR)",
				);
				GCC_PRECOMPILE_PREFIX_HEADER = YES;
				GCC_PREFIX_HEADER = "restcomm-messenger/restcomm-messenger-Prefix.pch";
				GCC_PREPROCESSOR_DEFINITIONS = (
					"DEBUG=1",
					"$(inherited)",
				);
				INFOPLIST_FILE = "restcomm-messengerTests/restcomm-messengerTests-Info.plist";
				PRODUCT_NAME = "restcomm-messengerTests";
				TEST_HOST = "$(BUNDLE_LOADER)";
				WRAPPER_EXTENSION = xctest;
			};
			name = Debug;
		};
		AE79D35019BC8DAE0023306C /* Release */ = {
			isa = XCBuildConfiguration;
			buildSettings = {
				BUNDLE_LOADER = "$(BUILT_PRODUCTS_DIR)/test-ios-client.app/test-ios-client";
				FRAMEWORK_SEARCH_PATHS = (
					"$(SDKROOT)/Developer/Library/Frameworks",
					"$(inherited)",
					"$(DEVELOPER_FRAMEWORKS_DIR)",
				);
				GCC_PRECOMPILE_PREFIX_HEADER = YES;
				GCC_PREFIX_HEADER = "restcomm-messenger/restcomm-messenger-Prefix.pch";
				INFOPLIST_FILE = "restcomm-messengerTests/restcomm-messengerTests-Info.plist";
				PRODUCT_NAME = "restcomm-messengerTests";
				TEST_HOST = "$(BUNDLE_LOADER)";
				WRAPPER_EXTENSION = xctest;
			};
			name = Release;
		};
		AED9718419E98B49000F7A8E /* Debug */ = {
			isa = XCBuildConfiguration;
			buildSettings = {
				PRODUCT_NAME = "$(TARGET_NAME)";
			};
			name = Debug;
		};
		AED9718519E98B49000F7A8E /* Release */ = {
			isa = XCBuildConfiguration;
			buildSettings = {
				PRODUCT_NAME = "$(TARGET_NAME)";
			};
			name = Release;
		};
/* End XCBuildConfiguration section */

/* Begin XCConfigurationList section */
		AE79D31119BC8DAD0023306C /* Build configuration list for PBXProject "restcomm-messenger" */ = {
			isa = XCConfigurationList;
			buildConfigurations = (
				AE79D34919BC8DAE0023306C /* Debug */,
				AE79D34A19BC8DAE0023306C /* Release */,
			);
			defaultConfigurationIsVisible = 0;
			defaultConfigurationName = Release;
		};
		AE79D34B19BC8DAE0023306C /* Build configuration list for PBXNativeTarget "restcomm-messenger" */ = {
			isa = XCConfigurationList;
			buildConfigurations = (
				AE79D34C19BC8DAE0023306C /* Debug */,
				AE79D34D19BC8DAE0023306C /* Release */,
			);
			defaultConfigurationIsVisible = 0;
			defaultConfigurationName = Release;
		};
		AE79D34E19BC8DAE0023306C /* Build configuration list for PBXNativeTarget "restcomm-messengerTests" */ = {
			isa = XCConfigurationList;
			buildConfigurations = (
				AE79D34F19BC8DAE0023306C /* Debug */,
				AE79D35019BC8DAE0023306C /* Release */,
			);
			defaultConfigurationIsVisible = 0;
			defaultConfigurationName = Release;
		};
		AED9718719E98B49000F7A8E /* Build configuration list for PBXAggregateTarget "Documentation" */ = {
			isa = XCConfigurationList;
			buildConfigurations = (
				AED9718419E98B49000F7A8E /* Debug */,
				AED9718519E98B49000F7A8E /* Release */,
			);
			defaultConfigurationIsVisible = 0;
			defaultConfigurationName = Release;
		};
/* End XCConfigurationList section */
	};
	rootObject = AE79D30E19BC8DAD0023306C /* Project object */;
}
