// !$*UTF8*$!
{
	archiveVersion = 1;
	classes = {
	};
	objectVersion = 46;
	objects = {

/* Begin PBXAggregateTarget section */
		AED9718319E98B48000F7A8E /* Documentation */ = {
			isa = PBXAggregateTarget;
			buildConfigurationList = AED9718719E98B49000F7A8E /* Build configuration list for PBXAggregateTarget "Documentation" */;
			buildPhases = (
				AED9718819E98B77000F7A8E /* ShellScript */,
				AEED877C19F42E51000C15C6 /* ShellScript */,
			);
			dependencies = (
			);
			name = Documentation;
			productName = Documentation;
		};
/* End PBXAggregateTarget section */

/* Begin PBXBuildFile section */
		AE22B2C11BCD05BD00EBDBDE /* libWebRTC-9814.a in Frameworks */ = {isa = PBXBuildFile; fileRef = AE4A9C291BC7FC4900B7B989 /* libWebRTC-9814.a */; };
		AE505B821B0600870053F5B6 /* libsofia-sip-ua.a in Frameworks */ = {isa = PBXBuildFile; fileRef = AE505B811B0600870053F5B6 /* libsofia-sip-ua.a */; };
		AE505B831B0600E30053F5B6 /* libcrypto.a in Frameworks */ = {isa = PBXBuildFile; fileRef = AEC39AE41A5AE11100B155E4 /* libcrypto.a */; };
		AE505B841B0600E30053F5B6 /* libssl.a in Frameworks */ = {isa = PBXBuildFile; fileRef = AEC39AE51A5AE11100B155E4 /* libssl.a */; };
		AE505B871B061A0C0053F5B6 /* GLKit.framework in Frameworks */ = {isa = PBXBuildFile; fileRef = AE5821E01A8AB79400578A7B /* GLKit.framework */; };
		AE5669151BE9040D00C66789 /* libRestCommClient.a in Frameworks */ = {isa = PBXBuildFile; fileRef = AE5669101BE903C800C66789 /* libRestCommClient.a */; };
		AE5821DF1A8AB76900578A7B /* libsqlite3.dylib in Frameworks */ = {isa = PBXBuildFile; fileRef = AE5821DE1A8AB76900578A7B /* libsqlite3.dylib */; };
		AE65E39F1A6BC66600C0CB1B /* CoreFoundation.framework in Frameworks */ = {isa = PBXBuildFile; fileRef = AE65E39E1A6BC66600C0CB1B /* CoreFoundation.framework */; };
		AE65E3A31A6BC68F00C0CB1B /* CoreAudio.framework in Frameworks */ = {isa = PBXBuildFile; fileRef = AE65E3A21A6BC68F00C0CB1B /* CoreAudio.framework */; };
		AE65E3A41A6BC6A900C0CB1B /* AudioToolbox.framework in Frameworks */ = {isa = PBXBuildFile; fileRef = AEC39AAB1A5A95D100B155E4 /* AudioToolbox.framework */; };
		AE78800A1B738E3300205C26 /* SystemConfiguration.framework in Frameworks */ = {isa = PBXBuildFile; fileRef = AE7880091B738E3300205C26 /* SystemConfiguration.framework */; };
		AE79D31A19BC8DAD0023306C /* Foundation.framework in Frameworks */ = {isa = PBXBuildFile; fileRef = AE79D31919BC8DAD0023306C /* Foundation.framework */; };
		AE79D31E19BC8DAD0023306C /* UIKit.framework in Frameworks */ = {isa = PBXBuildFile; fileRef = AE79D31D19BC8DAD0023306C /* UIKit.framework */; };
		AE79D33C19BC8DAE0023306C /* XCTest.framework in Frameworks */ = {isa = PBXBuildFile; fileRef = AE79D33B19BC8DAE0023306C /* XCTest.framework */; };
		AE79D33D19BC8DAE0023306C /* Foundation.framework in Frameworks */ = {isa = PBXBuildFile; fileRef = AE79D31919BC8DAD0023306C /* Foundation.framework */; };
		AE79D33E19BC8DAE0023306C /* UIKit.framework in Frameworks */ = {isa = PBXBuildFile; fileRef = AE79D31D19BC8DAD0023306C /* UIKit.framework */; };
		AE9D4B841B74B2B900FE6246 /* CoreMotion.framework in Frameworks */ = {isa = PBXBuildFile; fileRef = AE9D4B831B74B2B900FE6246 /* CoreMotion.framework */; };
		AEAB56A31C297FDD000D6E27 /* restcomm-olympus in Resources */ = {isa = PBXBuildFile; fileRef = AEAB56A21C297FDD000D6E27 /* restcomm-olympus */; };
		AEC39ADA1A5AD8D800B155E4 /* VideoToolbox.framework in Frameworks */ = {isa = PBXBuildFile; fileRef = AEC39AB11A5A96AE00B155E4 /* VideoToolbox.framework */; settings = {ATTRIBUTES = (Weak, ); }; };
		AEC39ADB1A5ADF6100B155E4 /* AVFoundation.framework in Frameworks */ = {isa = PBXBuildFile; fileRef = AE56121A1A064F5B009C9A4F /* AVFoundation.framework */; };
		AEC39AE21A5AE05D00B155E4 /* CoreMedia.framework in Frameworks */ = {isa = PBXBuildFile; fileRef = AEC39AE11A5AE05D00B155E4 /* CoreMedia.framework */; };
		AEC39AE31A5AE0A100B155E4 /* AssetsLibrary.framework in Frameworks */ = {isa = PBXBuildFile; fileRef = AEC39ADE1A5AE03100B155E4 /* AssetsLibrary.framework */; };
		AEC39AE91A5AE18800B155E4 /* libresolv.dylib in Frameworks */ = {isa = PBXBuildFile; fileRef = AEC39AE81A5AE18800B155E4 /* libresolv.dylib */; };
		AED0B0641A0976F8008A6057 /* InfoPlist.strings in Resources */ = {isa = PBXBuildFile; fileRef = AED0B0601A0976F8008A6057 /* InfoPlist.strings */; };
		AED0B0661A0976F8008A6057 /* restcomm-olympusTests.m in Sources */ = {isa = PBXBuildFile; fileRef = AED0B0631A0976F8008A6057 /* restcomm-olympusTests.m */; };
		AEFB39121B061FA400F85545 /* OpenGLES.framework in Frameworks */ = {isa = PBXBuildFile; fileRef = AE65E3A51A6BC6BC00C0CB1B /* OpenGLES.framework */; };
		AEFB39151B061FB300F85545 /* QuartzCore.framework in Frameworks */ = {isa = PBXBuildFile; fileRef = AE65E3A71A6BC7AE00C0CB1B /* QuartzCore.framework */; };
/* End PBXBuildFile section */

/* Begin PBXContainerItemProxy section */
		AE56690F1BE903C800C66789 /* PBXContainerItemProxy */ = {
			isa = PBXContainerItemProxy;
			containerPortal = AE5669081BE903C700C66789 /* RestCommClient.xcodeproj */;
			proxyType = 2;
			remoteGlobalIDString = AEC1220C19728C850035B864;
			remoteInfo = RestCommClient;
		};
		AE5669111BE903C800C66789 /* PBXContainerItemProxy */ = {
			isa = PBXContainerItemProxy;
			containerPortal = AE5669081BE903C700C66789 /* RestCommClient.xcodeproj */;
			proxyType = 2;
			remoteGlobalIDString = AEC1221C19728C850035B864;
			remoteInfo = RestCommClientTests;
		};
		AE5669131BE903FB00C66789 /* PBXContainerItemProxy */ = {
			isa = PBXContainerItemProxy;
			containerPortal = AE5669081BE903C700C66789 /* RestCommClient.xcodeproj */;
			proxyType = 1;
			remoteGlobalIDString = AEC1220B19728C850035B864;
			remoteInfo = RestCommClient;
		};
		AE79D33F19BC8DAE0023306C /* PBXContainerItemProxy */ = {
			isa = PBXContainerItemProxy;
			containerPortal = AE79D30E19BC8DAD0023306C /* Project object */;
			proxyType = 1;
			remoteGlobalIDString = AE79D31519BC8DAD0023306C;
			remoteInfo = "test-ios-sip-sofia";
		};
/* End PBXContainerItemProxy section */

/* Begin PBXFileReference section */
		AE182F971B09F70200B40A0F /* libWebRTC-9190.a */ = {isa = PBXFileReference; lastKnownFileType = archive.ar; name = "libWebRTC-9190.a"; path = "../../RestCommClient/webrtc/libWebRTC-9190.a"; sourceTree = "<group>"; };
		AE22B2B71BCCF22700EBDBDE /* libWebRTC-10255-ios-armeabi_v7a-Debug.a */ = {isa = PBXFileReference; lastKnownFileType = archive.ar; name = "libWebRTC-10255-ios-armeabi_v7a-Debug.a"; path = "../../../../Downloads/webrtc-build-scripts/ios/webrtc/libjingle_peerconnection_builds/libWebRTC-10255-ios-armeabi_v7a-Debug.a"; sourceTree = "<group>"; };
		AE22B2B91BCCF3C600EBDBDE /* libWebRTC-10255-arm-intel-Debug.a */ = {isa = PBXFileReference; lastKnownFileType = archive.ar; name = "libWebRTC-10255-arm-intel-Debug.a"; path = "../../../../Downloads/webrtc-build-scripts/ios/webrtc/libjingle_peerconnection_builds/libWebRTC-10255-arm-intel-Debug.a"; sourceTree = "<group>"; };
		AE22B2C31BCD0A4000EBDBDE /* libRestCommClient.a */ = {isa = PBXFileReference; lastKnownFileType = archive.ar; name = libRestCommClient.a; path = ../../dependencies/packages/RestCommClientLib/libRestCommClient.a; sourceTree = "<group>"; };
		AE4A9C291BC7FC4900B7B989 /* libWebRTC-9814.a */ = {isa = PBXFileReference; lastKnownFileType = archive.ar; name = "libWebRTC-9814.a"; path = "../../dependencies/packages/webrtc/libWebRTC-9814.a"; sourceTree = "<group>"; };
		AE505B811B0600870053F5B6 /* libsofia-sip-ua.a */ = {isa = PBXFileReference; lastKnownFileType = archive.ar; name = "libsofia-sip-ua.a"; path = "../../RestCommClient/sofia-sip-1.12.11/lib/libsofia-sip-ua.a"; sourceTree = "<group>"; };
		AE56121A1A064F5B009C9A4F /* AVFoundation.framework */ = {isa = PBXFileReference; lastKnownFileType = wrapper.framework; name = AVFoundation.framework; path = System/Library/Frameworks/AVFoundation.framework; sourceTree = SDKROOT; };
		AE5669081BE903C700C66789 /* RestCommClient.xcodeproj */ = {isa = PBXFileReference; lastKnownFileType = "wrapper.pb-project"; name = RestCommClient.xcodeproj; path = ../../RestCommClient/RestCommClient.xcodeproj; sourceTree = "<group>"; };
		AE5821DE1A8AB76900578A7B /* libsqlite3.dylib */ = {isa = PBXFileReference; lastKnownFileType = "compiled.mach-o.dylib"; name = libsqlite3.dylib; path = usr/lib/libsqlite3.dylib; sourceTree = SDKROOT; };
		AE5821E01A8AB79400578A7B /* GLKit.framework */ = {isa = PBXFileReference; lastKnownFileType = wrapper.framework; name = GLKit.framework; path = System/Library/Frameworks/GLKit.framework; sourceTree = SDKROOT; };
		AE65E39E1A6BC66600C0CB1B /* CoreFoundation.framework */ = {isa = PBXFileReference; lastKnownFileType = wrapper.framework; name = CoreFoundation.framework; path = System/Library/Frameworks/CoreFoundation.framework; sourceTree = SDKROOT; };
		AE65E3A21A6BC68F00C0CB1B /* CoreAudio.framework */ = {isa = PBXFileReference; lastKnownFileType = wrapper.framework; name = CoreAudio.framework; path = System/Library/Frameworks/CoreAudio.framework; sourceTree = SDKROOT; };
		AE65E3A51A6BC6BC00C0CB1B /* OpenGLES.framework */ = {isa = PBXFileReference; lastKnownFileType = wrapper.framework; name = OpenGLES.framework; path = System/Library/Frameworks/OpenGLES.framework; sourceTree = SDKROOT; };
		AE65E3A71A6BC7AE00C0CB1B /* QuartzCore.framework */ = {isa = PBXFileReference; lastKnownFileType = wrapper.framework; name = QuartzCore.framework; path = System/Library/Frameworks/QuartzCore.framework; sourceTree = SDKROOT; };
		AE7880091B738E3300205C26 /* SystemConfiguration.framework */ = {isa = PBXFileReference; lastKnownFileType = wrapper.framework; name = SystemConfiguration.framework; path = System/Library/Frameworks/SystemConfiguration.framework; sourceTree = SDKROOT; };
		AE79D31619BC8DAD0023306C /* restcomm-olympus.app */ = {isa = PBXFileReference; explicitFileType = wrapper.application; includeInIndex = 0; path = "restcomm-olympus.app"; sourceTree = BUILT_PRODUCTS_DIR; };
		AE79D31919BC8DAD0023306C /* Foundation.framework */ = {isa = PBXFileReference; lastKnownFileType = wrapper.framework; name = Foundation.framework; path = System/Library/Frameworks/Foundation.framework; sourceTree = SDKROOT; };
		AE79D31B19BC8DAD0023306C /* CoreGraphics.framework */ = {isa = PBXFileReference; lastKnownFileType = wrapper.framework; name = CoreGraphics.framework; path = System/Library/Frameworks/CoreGraphics.framework; sourceTree = SDKROOT; };
		AE79D31D19BC8DAD0023306C /* UIKit.framework */ = {isa = PBXFileReference; lastKnownFileType = wrapper.framework; name = UIKit.framework; path = System/Library/Frameworks/UIKit.framework; sourceTree = SDKROOT; };
		AE79D33A19BC8DAE0023306C /* restcomm-olympus.xctest */ = {isa = PBXFileReference; explicitFileType = wrapper.cfbundle; includeInIndex = 0; path = "restcomm-olympus.xctest"; sourceTree = BUILT_PRODUCTS_DIR; };
		AE79D33B19BC8DAE0023306C /* XCTest.framework */ = {isa = PBXFileReference; lastKnownFileType = wrapper.framework; name = XCTest.framework; path = Library/Frameworks/XCTest.framework; sourceTree = DEVELOPER_DIR; };
		AE9D4B831B74B2B900FE6246 /* CoreMotion.framework */ = {isa = PBXFileReference; lastKnownFileType = wrapper.framework; name = CoreMotion.framework; path = System/Library/Frameworks/CoreMotion.framework; sourceTree = SDKROOT; };
		AEAB56A21C297FDD000D6E27 /* restcomm-olympus */ = {isa = PBXFileReference; lastKnownFileType = folder; path = "restcomm-olympus"; sourceTree = "<group>"; };
		AEC39AAB1A5A95D100B155E4 /* AudioToolbox.framework */ = {isa = PBXFileReference; lastKnownFileType = wrapper.framework; name = AudioToolbox.framework; path = System/Library/Frameworks/AudioToolbox.framework; sourceTree = SDKROOT; };
		AEC39AB11A5A96AE00B155E4 /* VideoToolbox.framework */ = {isa = PBXFileReference; lastKnownFileType = wrapper.framework; name = VideoToolbox.framework; path = System/Library/Frameworks/VideoToolbox.framework; sourceTree = SDKROOT; };
		AEC39ADC1A5ADFF200B155E4 /* AVKit.framework */ = {isa = PBXFileReference; lastKnownFileType = wrapper.framework; name = AVKit.framework; path = System/Library/Frameworks/AVKit.framework; sourceTree = SDKROOT; };
		AEC39ADE1A5AE03100B155E4 /* AssetsLibrary.framework */ = {isa = PBXFileReference; lastKnownFileType = wrapper.framework; name = AssetsLibrary.framework; path = System/Library/Frameworks/AssetsLibrary.framework; sourceTree = SDKROOT; };
		AEC39AE11A5AE05D00B155E4 /* CoreMedia.framework */ = {isa = PBXFileReference; lastKnownFileType = wrapper.framework; name = CoreMedia.framework; path = System/Library/Frameworks/CoreMedia.framework; sourceTree = SDKROOT; };
		AEC39AE41A5AE11100B155E4 /* libcrypto.a */ = {isa = PBXFileReference; lastKnownFileType = archive.ar; name = libcrypto.a; path = "../../RestCommClient/openssl-1.0.1i/lib/libcrypto.a"; sourceTree = "<group>"; };
		AEC39AE51A5AE11100B155E4 /* libssl.a */ = {isa = PBXFileReference; lastKnownFileType = archive.ar; name = libssl.a; path = "../../RestCommClient/openssl-1.0.1i/lib/libssl.a"; sourceTree = "<group>"; };
		AEC39AE81A5AE18800B155E4 /* libresolv.dylib */ = {isa = PBXFileReference; lastKnownFileType = "compiled.mach-o.dylib"; name = libresolv.dylib; path = usr/lib/libresolv.dylib; sourceTree = SDKROOT; };
		AECDB8A31B0DFB9900563107 /* libRestCommClient.a */ = {isa = PBXFileReference; lastKnownFileType = archive.ar; name = libRestCommClient.a; path = ../../RestCommClient/RestCommClientLib/libRestCommClient.a; sourceTree = "<group>"; };
		AED0B0611A0976F8008A6057 /* en */ = {isa = PBXFileReference; lastKnownFileType = text.plist.strings; name = en; path = en.lproj/InfoPlist.strings; sourceTree = "<group>"; };
		AED0B0621A0976F8008A6057 /* restcomm-olympusTests-Info.plist */ = {isa = PBXFileReference; fileEncoding = 4; lastKnownFileType = text.plist.xml; path = "restcomm-olympusTests-Info.plist"; sourceTree = "<group>"; };
		AED0B0631A0976F8008A6057 /* restcomm-olympusTests.m */ = {isa = PBXFileReference; fileEncoding = 4; lastKnownFileType = sourcecode.c.objc; path = "restcomm-olympusTests.m"; sourceTree = "<group>"; };
		AED9718919E98DB9000F7A8E /* readme.markdown */ = {isa = PBXFileReference; fileEncoding = 4; lastKnownFileType = text; path = readme.markdown; sourceTree = "<group>"; };
/* End PBXFileReference section */

/* Begin PBXFrameworksBuildPhase section */
		AE79D31319BC8DAD0023306C /* Frameworks */ = {
			isa = PBXFrameworksBuildPhase;
			buildActionMask = 2147483647;
			files = (
				AE5669151BE9040D00C66789 /* libRestCommClient.a in Frameworks */,
				AE22B2C11BCD05BD00EBDBDE /* libWebRTC-9814.a in Frameworks */,
				AE9D4B841B74B2B900FE6246 /* CoreMotion.framework in Frameworks */,
				AE78800A1B738E3300205C26 /* SystemConfiguration.framework in Frameworks */,
				AEFB39151B061FB300F85545 /* QuartzCore.framework in Frameworks */,
				AEFB39121B061FA400F85545 /* OpenGLES.framework in Frameworks */,
				AE505B871B061A0C0053F5B6 /* GLKit.framework in Frameworks */,
				AE65E3A41A6BC6A900C0CB1B /* AudioToolbox.framework in Frameworks */,
				AE65E3A31A6BC68F00C0CB1B /* CoreAudio.framework in Frameworks */,
				AE65E39F1A6BC66600C0CB1B /* CoreFoundation.framework in Frameworks */,
				AEC39AE31A5AE0A100B155E4 /* AssetsLibrary.framework in Frameworks */,
				AEC39AE21A5AE05D00B155E4 /* CoreMedia.framework in Frameworks */,
				AEC39ADB1A5ADF6100B155E4 /* AVFoundation.framework in Frameworks */,
				AEC39ADA1A5AD8D800B155E4 /* VideoToolbox.framework in Frameworks */,
				AE79D31E19BC8DAD0023306C /* UIKit.framework in Frameworks */,
				AE79D31A19BC8DAD0023306C /* Foundation.framework in Frameworks */,
				AE505B831B0600E30053F5B6 /* libcrypto.a in Frameworks */,
				AE505B841B0600E30053F5B6 /* libssl.a in Frameworks */,
				AE505B821B0600870053F5B6 /* libsofia-sip-ua.a in Frameworks */,
				AE5821DF1A8AB76900578A7B /* libsqlite3.dylib in Frameworks */,
				AEC39AE91A5AE18800B155E4 /* libresolv.dylib in Frameworks */,
			);
			runOnlyForDeploymentPostprocessing = 0;
		};
		AE79D33719BC8DAE0023306C /* Frameworks */ = {
			isa = PBXFrameworksBuildPhase;
			buildActionMask = 2147483647;
			files = (
				AE79D33C19BC8DAE0023306C /* XCTest.framework in Frameworks */,
				AE79D33E19BC8DAE0023306C /* UIKit.framework in Frameworks */,
				AE79D33D19BC8DAE0023306C /* Foundation.framework in Frameworks */,
			);
			runOnlyForDeploymentPostprocessing = 0;
		};
/* End PBXFrameworksBuildPhase section */

/* Begin PBXGroup section */
		AE5669091BE903C700C66789 /* Products */ = {
			isa = PBXGroup;
			children = (
				AE5669101BE903C800C66789 /* libRestCommClient.a */,
				AE5669121BE903C800C66789 /* RestCommClientTests.xctest */,
			);
			name = Products;
			sourceTree = "<group>";
		};
		AE79D30D19BC8DAD0023306C = {
			isa = PBXGroup;
			children = (
				AE5669081BE903C700C66789 /* RestCommClient.xcodeproj */,
				AEAB56A21C297FDD000D6E27 /* restcomm-olympus */,
				AE79D31819BC8DAD0023306C /* Frameworks */,
				AE79D31719BC8DAD0023306C /* Products */,
				AED0B05F1A0976F8008A6057 /* restcomm-olympusTests */,
				AED9718919E98DB9000F7A8E /* readme.markdown */,
			);
			sourceTree = "<group>";
		};
		AE79D31719BC8DAD0023306C /* Products */ = {
			isa = PBXGroup;
			children = (
				AE79D31619BC8DAD0023306C /* restcomm-olympus.app */,
				AE79D33A19BC8DAE0023306C /* restcomm-olympus.xctest */,
			);
			name = Products;
			sourceTree = "<group>";
		};
		AE79D31819BC8DAD0023306C /* Frameworks */ = {
			isa = PBXGroup;
			children = (
				AE22B2C31BCD0A4000EBDBDE /* libRestCommClient.a */,
				AE22B2B91BCCF3C600EBDBDE /* libWebRTC-10255-arm-intel-Debug.a */,
				AE22B2B71BCCF22700EBDBDE /* libWebRTC-10255-ios-armeabi_v7a-Debug.a */,
				AE4A9C291BC7FC4900B7B989 /* libWebRTC-9814.a */,
				AE9D4B831B74B2B900FE6246 /* CoreMotion.framework */,
				AE7880091B738E3300205C26 /* SystemConfiguration.framework */,
				AECDB8A31B0DFB9900563107 /* libRestCommClient.a */,
				AE182F971B09F70200B40A0F /* libWebRTC-9190.a */,
				AE505B811B0600870053F5B6 /* libsofia-sip-ua.a */,
				AE5821E01A8AB79400578A7B /* GLKit.framework */,
				AE5821DE1A8AB76900578A7B /* libsqlite3.dylib */,
				AE65E3A71A6BC7AE00C0CB1B /* QuartzCore.framework */,
				AE65E3A51A6BC6BC00C0CB1B /* OpenGLES.framework */,
				AE65E3A21A6BC68F00C0CB1B /* CoreAudio.framework */,
				AE65E39E1A6BC66600C0CB1B /* CoreFoundation.framework */,
				AEC39AE81A5AE18800B155E4 /* libresolv.dylib */,
				AEC39AE41A5AE11100B155E4 /* libcrypto.a */,
				AEC39AE51A5AE11100B155E4 /* libssl.a */,
				AEC39AE11A5AE05D00B155E4 /* CoreMedia.framework */,
				AEC39ADE1A5AE03100B155E4 /* AssetsLibrary.framework */,
				AEC39ADC1A5ADFF200B155E4 /* AVKit.framework */,
				AEC39AB11A5A96AE00B155E4 /* VideoToolbox.framework */,
				AEC39AAB1A5A95D100B155E4 /* AudioToolbox.framework */,
				AE56121A1A064F5B009C9A4F /* AVFoundation.framework */,
				AE79D31919BC8DAD0023306C /* Foundation.framework */,
				AE79D31B19BC8DAD0023306C /* CoreGraphics.framework */,
				AE79D31D19BC8DAD0023306C /* UIKit.framework */,
				AE79D33B19BC8DAE0023306C /* XCTest.framework */,
			);
			name = Frameworks;
			sourceTree = "<group>";
		};
		AED0B05F1A0976F8008A6057 /* restcomm-olympusTests */ = {
			isa = PBXGroup;
			children = (
				AED0B0601A0976F8008A6057 /* InfoPlist.strings */,
				AED0B0621A0976F8008A6057 /* restcomm-olympusTests-Info.plist */,
				AED0B0631A0976F8008A6057 /* restcomm-olympusTests.m */,
			);
			path = "restcomm-olympusTests";
			sourceTree = "<group>";
		};
/* End PBXGroup section */

/* Begin PBXNativeTarget section */
		AE79D31519BC8DAD0023306C /* restcomm-olympus */ = {
			isa = PBXNativeTarget;
			buildConfigurationList = AE79D34B19BC8DAE0023306C /* Build configuration list for PBXNativeTarget "restcomm-olympus" */;
			buildPhases = (
				AE79D31219BC8DAD0023306C /* Sources */,
				AE79D31319BC8DAD0023306C /* Frameworks */,
				AE79D31419BC8DAD0023306C /* Resources */,
				AEAC80E51B76824A00D6BD09 /* ShellScript */,
			);
			buildRules = (
			);
			dependencies = (
				AE5669141BE903FB00C66789 /* PBXTargetDependency */,
			);
			name = "restcomm-olympus";
			productName = "test-ios-sip-sofia";
			productReference = AE79D31619BC8DAD0023306C /* restcomm-olympus.app */;
			productType = "com.apple.product-type.application";
		};
		AE79D33919BC8DAE0023306C /* restcomm-olympusTests */ = {
			isa = PBXNativeTarget;
			buildConfigurationList = AE79D34E19BC8DAE0023306C /* Build configuration list for PBXNativeTarget "restcomm-olympusTests" */;
			buildPhases = (
				AE79D33619BC8DAE0023306C /* Sources */,
				AE79D33719BC8DAE0023306C /* Frameworks */,
				AE79D33819BC8DAE0023306C /* Resources */,
			);
			buildRules = (
			);
			dependencies = (
				AE79D34019BC8DAE0023306C /* PBXTargetDependency */,
			);
			name = "restcomm-olympusTests";
			productName = "test-ios-sip-sofiaTests";
			productReference = AE79D33A19BC8DAE0023306C /* restcomm-olympus.xctest */;
			productType = "com.apple.product-type.bundle.unit-test";
		};
/* End PBXNativeTarget section */

/* Begin PBXProject section */
		AE79D30E19BC8DAD0023306C /* Project object */ = {
			isa = PBXProject;
			attributes = {
				LastUpgradeCheck = 0630;
				ORGANIZATIONNAME = TeleStax;
				TargetAttributes = {
					AE79D31519BC8DAD0023306C = {
						DevelopmentTeam = H9PG74NSQT;
					};
					AE79D33919BC8DAE0023306C = {
						TestTargetID = AE79D31519BC8DAD0023306C;
					};
				};
			};
			buildConfigurationList = AE79D31119BC8DAD0023306C /* Build configuration list for PBXProject "restcomm-olympus" */;
			compatibilityVersion = "Xcode 3.2";
			developmentRegion = English;
			hasScannedForEncodings = 0;
			knownRegions = (
				en,
				Base,
			);
			mainGroup = AE79D30D19BC8DAD0023306C;
			productRefGroup = AE79D31719BC8DAD0023306C /* Products */;
			projectDirPath = "";
			projectReferences = (
				{
					ProductGroup = AE5669091BE903C700C66789 /* Products */;
					ProjectRef = AE5669081BE903C700C66789 /* RestCommClient.xcodeproj */;
				},
			);
			projectRoot = "";
			targets = (
				AE79D31519BC8DAD0023306C /* restcomm-olympus */,
				AE79D33919BC8DAE0023306C /* restcomm-olympusTests */,
				AED9718319E98B48000F7A8E /* Documentation */,
			);
		};
/* End PBXProject section */

/* Begin PBXReferenceProxy section */
		AE5669101BE903C800C66789 /* libRestCommClient.a */ = {
			isa = PBXReferenceProxy;
			fileType = archive.ar;
			path = libRestCommClient.a;
			remoteRef = AE56690F1BE903C800C66789 /* PBXContainerItemProxy */;
			sourceTree = BUILT_PRODUCTS_DIR;
		};
		AE5669121BE903C800C66789 /* RestCommClientTests.xctest */ = {
			isa = PBXReferenceProxy;
			fileType = wrapper.cfbundle;
			path = RestCommClientTests.xctest;
			remoteRef = AE5669111BE903C800C66789 /* PBXContainerItemProxy */;
			sourceTree = BUILT_PRODUCTS_DIR;
		};
/* End PBXReferenceProxy section */

/* Begin PBXResourcesBuildPhase section */
		AE79D31419BC8DAD0023306C /* Resources */ = {
			isa = PBXResourcesBuildPhase;
			buildActionMask = 2147483647;
			files = (
				AEAB56A31C297FDD000D6E27 /* restcomm-olympus in Resources */,
			);
			runOnlyForDeploymentPostprocessing = 0;
		};
		AE79D33819BC8DAE0023306C /* Resources */ = {
			isa = PBXResourcesBuildPhase;
			buildActionMask = 2147483647;
			files = (
				AED0B0641A0976F8008A6057 /* InfoPlist.strings in Resources */,
			);
			runOnlyForDeploymentPostprocessing = 0;
		};
/* End PBXResourcesBuildPhase section */

/* Begin PBXShellScriptBuildPhase section */
		AEAC80E51B76824A00D6BD09 /* ShellScript */ = {
			isa = PBXShellScriptBuildPhase;
			buildActionMask = 2147483647;
			files = (
			);
			inputPaths = (
			);
			outputPaths = (
			);
			runOnlyForDeploymentPostprocessing = 0;
			shellPath = /bin/sh;
			shellScript = "#echo $CONFIGURATION > /tmp/3.txt\nif [ \"${CONFIGURATION}\" = \"Release\" ]; then\n    sh $SRCROOT/restcomm-olympus/TestFairy/upload-dsym.sh -d c575c3a7f55080be2f02589818a5c091ca0950da\n#sh $SRCROOT/../../RestCommClient/RestCommClient/TestFairy/upload-dsym.sh -d c575c3a7f55080be2f02589818a5c091ca0950da\nfi\n";
		};
		AED9718819E98B77000F7A8E /* ShellScript */ = {
			isa = PBXShellScriptBuildPhase;
			buildActionMask = 2147483647;
			files = (
			);
			inputPaths = (
			);
			outputPaths = (
			);
			runOnlyForDeploymentPostprocessing = 0;
			shellPath = /bin/sh;
			shellScript = "/usr/local/bin/appledoc \\\n--project-name \"${PROJECT_NAME}\" \\\n--project-company \"Telestax\" \\\n--company-id \"com.telestax\" \\\n--output \"~/Projects/Help/${PROJECT_NAME}\" \\\n--install-docset \\\n--logformat xcode \\\n--keep-undocumented-objects \\\n--keep-undocumented-members \\\n--keep-intermediate-files \\\n--no-repeat-first-par \\\n--no-warn-invalid-crossref \\\n--merge-categories \\\n--exit-threshold 2 \\\n--docset-platform-family iphoneos \\\n--ignore \"*.m\" \\\n--include \"${PROJECT_DIR}/${PROJECT_NAME}/Documentation/Images\" \\\n--ignore \"LoadableCategory.h\" \\\n--index-desc \"${PROJECT_DIR}/readme.markdown\" \\\n\"${PROJECT_DIR}/test-ios-sip-sofia\"";
		};
		AEED877C19F42E51000C15C6 /* ShellScript */ = {
			isa = PBXShellScriptBuildPhase;
			buildActionMask = 2147483647;
			files = (
			);
			inputPaths = (
			);
			outputPaths = (
			);
			runOnlyForDeploymentPostprocessing = 0;
			shellPath = /bin/sh;
			shellScript = "cd \"${PROJECT_DIR}/doc\"\ndoxygen Doxyfile";
		};
/* End PBXShellScriptBuildPhase section */

/* Begin PBXSourcesBuildPhase section */
		AE79D31219BC8DAD0023306C /* Sources */ = {
			isa = PBXSourcesBuildPhase;
			buildActionMask = 2147483647;
			files = (
			);
			runOnlyForDeploymentPostprocessing = 0;
		};
		AE79D33619BC8DAE0023306C /* Sources */ = {
			isa = PBXSourcesBuildPhase;
			buildActionMask = 2147483647;
			files = (
				AED0B0661A0976F8008A6057 /* restcomm-olympusTests.m in Sources */,
			);
			runOnlyForDeploymentPostprocessing = 0;
		};
/* End PBXSourcesBuildPhase section */

/* Begin PBXTargetDependency section */
		AE5669141BE903FB00C66789 /* PBXTargetDependency */ = {
			isa = PBXTargetDependency;
			name = RestCommClient;
			targetProxy = AE5669131BE903FB00C66789 /* PBXContainerItemProxy */;
		};
		AE79D34019BC8DAE0023306C /* PBXTargetDependency */ = {
			isa = PBXTargetDependency;
			target = AE79D31519BC8DAD0023306C /* restcomm-olympus */;
			targetProxy = AE79D33F19BC8DAE0023306C /* PBXContainerItemProxy */;
		};
/* End PBXTargetDependency section */

/* Begin PBXVariantGroup section */
		AED0B0601A0976F8008A6057 /* InfoPlist.strings */ = {
			isa = PBXVariantGroup;
			children = (
				AED0B0611A0976F8008A6057 /* en */,
			);
			name = InfoPlist.strings;
			sourceTree = "<group>";
		};
/* End PBXVariantGroup section */

/* Begin XCBuildConfiguration section */
		AE79D34919BC8DAE0023306C /* Debug */ = {
			isa = XCBuildConfiguration;
			buildSettings = {
				ALWAYS_SEARCH_USER_PATHS = NO;
				ARCHS = "$(ARCHS_STANDARD)";
				CLANG_CXX_LANGUAGE_STANDARD = "gnu++0x";
				CLANG_CXX_LIBRARY = "libc++";
				CLANG_ENABLE_MODULES = YES;
				CLANG_ENABLE_OBJC_ARC = YES;
				CLANG_WARN_BOOL_CONVERSION = YES;
				CLANG_WARN_CONSTANT_CONVERSION = YES;
				CLANG_WARN_DIRECT_OBJC_ISA_USAGE = YES_ERROR;
				CLANG_WARN_EMPTY_BODY = YES;
				CLANG_WARN_ENUM_CONVERSION = YES;
				CLANG_WARN_INT_CONVERSION = YES;
				CLANG_WARN_OBJC_ROOT_CLASS = YES_ERROR;
				CLANG_WARN__DUPLICATE_METHOD_MATCH = YES;
				"CODE_SIGN_IDENTITY[sdk=iphoneos*]" = "iPhone Developer";
				COPY_PHASE_STRIP = NO;
				ENABLE_BITCODE = NO;
				GCC_C_LANGUAGE_STANDARD = gnu99;
				GCC_DYNAMIC_NO_PIC = NO;
				GCC_OPTIMIZATION_LEVEL = 0;
				GCC_PREPROCESSOR_DEFINITIONS = (
					"DEBUG=1",
					"$(inherited)",
					"HAVE_SOCKETPAIR=0",
				);
				GCC_SYMBOLS_PRIVATE_EXTERN = NO;
				GCC_WARN_64_TO_32_BIT_CONVERSION = YES;
				GCC_WARN_ABOUT_RETURN_TYPE = YES_ERROR;
				GCC_WARN_UNDECLARED_SELECTOR = YES;
				GCC_WARN_UNINITIALIZED_AUTOS = YES_AGGRESSIVE;
				GCC_WARN_UNUSED_FUNCTION = YES;
				GCC_WARN_UNUSED_VARIABLE = YES;
				HEADER_SEARCH_PATHS = (
					"$(inherited)",
					/Applications/Xcode.app/Contents/Developer/Toolchains/XcodeDefault.xctoolchain/usr/include,
					$SOURCE_ROOT/../../RestCommClient/RestCommClient,
					$SOURCE_ROOT/../../RestCommClient/RestCommClient/SipManager,
				);
				IPHONEOS_DEPLOYMENT_TARGET = 7.1;
				ONLY_ACTIVE_ARCH = NO;
				SDKROOT = iphoneos;
				TARGETED_DEVICE_FAMILY = "1,2";
				VALID_ARCHS = "arm64 armv7 x86_64";
			};
			name = Debug;
		};
		AE79D34A19BC8DAE0023306C /* Release */ = {
			isa = XCBuildConfiguration;
			buildSettings = {
				ALWAYS_SEARCH_USER_PATHS = NO;
				ARCHS = "$(ARCHS_STANDARD)";
				CLANG_CXX_LANGUAGE_STANDARD = "gnu++0x";
				CLANG_CXX_LIBRARY = "libc++";
				CLANG_ENABLE_MODULES = YES;
				CLANG_ENABLE_OBJC_ARC = YES;
				CLANG_WARN_BOOL_CONVERSION = YES;
				CLANG_WARN_CONSTANT_CONVERSION = YES;
				CLANG_WARN_DIRECT_OBJC_ISA_USAGE = YES_ERROR;
				CLANG_WARN_EMPTY_BODY = YES;
				CLANG_WARN_ENUM_CONVERSION = YES;
				CLANG_WARN_INT_CONVERSION = YES;
				CLANG_WARN_OBJC_ROOT_CLASS = YES_ERROR;
				CLANG_WARN__DUPLICATE_METHOD_MATCH = YES;
				"CODE_SIGN_IDENTITY[sdk=iphoneos*]" = "iPhone Distribution: TeleStax, Inc.";
				COPY_PHASE_STRIP = YES;
				ENABLE_BITCODE = NO;
				ENABLE_NS_ASSERTIONS = NO;
				GCC_C_LANGUAGE_STANDARD = gnu99;
				GCC_WARN_64_TO_32_BIT_CONVERSION = YES;
				GCC_WARN_ABOUT_RETURN_TYPE = YES_ERROR;
				GCC_WARN_UNDECLARED_SELECTOR = YES;
				GCC_WARN_UNINITIALIZED_AUTOS = YES_AGGRESSIVE;
				GCC_WARN_UNUSED_FUNCTION = YES;
				GCC_WARN_UNUSED_VARIABLE = YES;
				HEADER_SEARCH_PATHS = (
					"$(inherited)",
					/Applications/Xcode.app/Contents/Developer/Toolchains/XcodeDefault.xctoolchain/usr/include,
					$SOURCE_ROOT/../../RestCommClient/RestCommClient,
					$SOURCE_ROOT/../../RestCommClient/RestCommClient/SipManager,
				);
				IPHONEOS_DEPLOYMENT_TARGET = 7.1;
				ONLY_ACTIVE_ARCH = YES;
				SDKROOT = iphoneos;
				TARGETED_DEVICE_FAMILY = "1,2";
				VALIDATE_PRODUCT = YES;
				VALID_ARCHS = "arm64 armv7 x86_64";
			};
			name = Release;
		};
		AE79D34C19BC8DAE0023306C /* Debug */ = {
			isa = XCBuildConfiguration;
			buildSettings = {
				ARCHS = "$(ARCHS_STANDARD)";
				ASSETCATALOG_COMPILER_APPICON_NAME = AppIcon;
				ASSETCATALOG_COMPILER_LAUNCHIMAGE_NAME = LaunchImage;
				CODE_SIGN_IDENTITY = "iPhone Distribution";
				"CODE_SIGN_IDENTITY[sdk=iphoneos*]" = "iPhone Developer";
				FRAMEWORK_SEARCH_PATHS = (
					"$(inherited)",
					"$(PROJECT_DIR)",
				);
				GCC_PRECOMPILE_PREFIX_HEADER = YES;
				GCC_PREFIX_HEADER = "restcomm-olympus/restcomm-olympus-Prefix.pch";
				HEADER_SEARCH_PATHS = (
					"$(inherited)",
					/Applications/Xcode.app/Contents/Developer/Toolchains/XcodeDefault.xctoolchain/usr/include,
					$SOURCE_ROOT/../../dependecies/packages/RestCommClientLib/include,
					$SOURCE_ROOT/../../dependencies/packages/webrtc/include,
				);
				INFOPLIST_FILE = "restcomm-olympus/restcomm-olympus-Info.plist";
				IPHONEOS_DEPLOYMENT_TARGET = 7.0;
				LIBRARY_SEARCH_PATHS = (
					"$(inherited)",
					"$SOURCE_ROOT/../../dependencies/packages/openssl-1.0.1i/lib/",
					"$SOURCE_ROOT/../../dependencies/packages/sofia-sip-1.12.11/lib",
					$SOURCE_ROOT/../../dependencies/packages/webrtc,
					$SOURCE_ROOT/../../dependencies/packages/RestCommClientLib,
					"$(PROJECT_DIR)/restcomm-olympus/TestFairy",
				);
				ONLY_ACTIVE_ARCH = NO;
				OTHER_LDFLAGS = "-ObjC";
				PRODUCT_BUNDLE_IDENTIFIER = com.telestax.olympus;
				PRODUCT_NAME = "restcomm-olympus";
				PROVISIONING_PROFILE = "";
				VALID_ARCHS = "$(ARCHS_STANDARD) x86_64";
				WRAPPER_EXTENSION = app;
			};
			name = Debug;
		};
		AE79D34D19BC8DAE0023306C /* Release */ = {
			isa = XCBuildConfiguration;
			buildSettings = {
				ARCHS = "$(ARCHS_STANDARD)";
				ASSETCATALOG_COMPILER_APPICON_NAME = AppIcon;
				ASSETCATALOG_COMPILER_LAUNCHIMAGE_NAME = LaunchImage;
				CODE_SIGN_IDENTITY = "iPhone Distribution";
				"CODE_SIGN_IDENTITY[sdk=iphoneos*]" = "iPhone Developer";
				FRAMEWORK_SEARCH_PATHS = (
					"$(inherited)",
					"$(PROJECT_DIR)",
				);
				GCC_PRECOMPILE_PREFIX_HEADER = YES;
				GCC_PREFIX_HEADER = "restcomm-olympus/restcomm-olympus-Prefix.pch";
				HEADER_SEARCH_PATHS = (
					"$(inherited)",
					/Applications/Xcode.app/Contents/Developer/Toolchains/XcodeDefault.xctoolchain/usr/include,
					$SOURCE_ROOT/../../dependecies/packages/RestCommClientLib/include,
					$SOURCE_ROOT/../../dependencies/packages/webrtc/include,
				);
				INFOPLIST_FILE = "restcomm-olympus/restcomm-olympus-Info.plist";
				IPHONEOS_DEPLOYMENT_TARGET = 7.0;
				LIBRARY_SEARCH_PATHS = (
					"$(inherited)",
					"$SOURCE_ROOT/../../dependencies/packages/openssl-1.0.1i/lib/",
					"$SOURCE_ROOT/../../dependencies/packages/sofia-sip-1.12.11/lib",
					$SOURCE_ROOT/../../dependencies/packages/webrtc,
					$SOURCE_ROOT/../../dependencies/packages/RestCommClientLib,
					"$(PROJECT_DIR)/restcomm-olympus/TestFairy",
				);
				OTHER_LDFLAGS = "-ObjC";
				PRODUCT_BUNDLE_IDENTIFIER = com.telestax.olympus;
				PRODUCT_NAME = "restcomm-olympus";
				PROVISIONING_PROFILE = "";
				VALID_ARCHS = "$(ARCHS_STANDARD) x86_64";
				WRAPPER_EXTENSION = app;
			};
			name = Release;
		};
		AE79D34F19BC8DAE0023306C /* Debug */ = {
			isa = XCBuildConfiguration;
			buildSettings = {
				BUNDLE_LOADER = "$(BUILT_PRODUCTS_DIR)/restcomm-olympus.app/restcomm-olympus";
				FRAMEWORK_SEARCH_PATHS = (
					"$(SDKROOT)/Developer/Library/Frameworks",
					"$(inherited)",
					"$(DEVELOPER_FRAMEWORKS_DIR)",
				);
				GCC_PRECOMPILE_PREFIX_HEADER = YES;
				GCC_PREFIX_HEADER = "restcomm-olympus/restcomm-olympus-Prefix.pch";
				GCC_PREPROCESSOR_DEFINITIONS = (
					"DEBUG=1",
					"$(inherited)",
				);
				INFOPLIST_FILE = "restcomm-olympusTests/restcomm-olympusTests-Info.plist";
				PRODUCT_NAME = "restcomm-olympus";
				TEST_HOST = "$(BUNDLE_LOADER)";
				WRAPPER_EXTENSION = xctest;
			};
			name = Debug;
		};
		AE79D35019BC8DAE0023306C /* Release */ = {
			isa = XCBuildConfiguration;
			buildSettings = {
				BUNDLE_LOADER = "$(BUILT_PRODUCTS_DIR)/restcomm-olympus.app/restcomm-olympus";
				FRAMEWORK_SEARCH_PATHS = (
					"$(SDKROOT)/Developer/Library/Frameworks",
					"$(inherited)",
					"$(DEVELOPER_FRAMEWORKS_DIR)",
				);
				GCC_PRECOMPILE_PREFIX_HEADER = YES;
				GCC_PREFIX_HEADER = "restcomm-olympus/restcomm-olympus-Prefix.pch";
				INFOPLIST_FILE = "restcomm-olympusTests/restcomm-olympusTests-Info.plist";
				PRODUCT_NAME = "restcomm-olympus";
				TEST_HOST = "$(BUNDLE_LOADER)";
				WRAPPER_EXTENSION = xctest;
			};
			name = Release;
		};
		AED9718419E98B49000F7A8E /* Debug */ = {
			isa = XCBuildConfiguration;
			buildSettings = {
				PRODUCT_NAME = "$(TARGET_NAME)";
			};
			name = Debug;
		};
		AED9718519E98B49000F7A8E /* Release */ = {
			isa = XCBuildConfiguration;
			buildSettings = {
				PRODUCT_NAME = "$(TARGET_NAME)";
			};
			name = Release;
		};
/* End XCBuildConfiguration section */

/* Begin XCConfigurationList section */
		AE79D31119BC8DAD0023306C /* Build configuration list for PBXProject "restcomm-olympus" */ = {
			isa = XCConfigurationList;
			buildConfigurations = (
				AE79D34919BC8DAE0023306C /* Debug */,
				AE79D34A19BC8DAE0023306C /* Release */,
			);
			defaultConfigurationIsVisible = 0;
			defaultConfigurationName = Release;
		};
		AE79D34B19BC8DAE0023306C /* Build configuration list for PBXNativeTarget "restcomm-olympus" */ = {
			isa = XCConfigurationList;
			buildConfigurations = (
				AE79D34C19BC8DAE0023306C /* Debug */,
				AE79D34D19BC8DAE0023306C /* Release */,
			);
			defaultConfigurationIsVisible = 0;
			defaultConfigurationName = Release;
		};
		AE79D34E19BC8DAE0023306C /* Build configuration list for PBXNativeTarget "restcomm-olympusTests" */ = {
			isa = XCConfigurationList;
			buildConfigurations = (
				AE79D34F19BC8DAE0023306C /* Debug */,
				AE79D35019BC8DAE0023306C /* Release */,
			);
			defaultConfigurationIsVisible = 0;
			defaultConfigurationName = Release;
		};
		AED9718719E98B49000F7A8E /* Build configuration list for PBXAggregateTarget "Documentation" */ = {
			isa = XCConfigurationList;
			buildConfigurations = (
				AED9718419E98B49000F7A8E /* Debug */,
				AED9718519E98B49000F7A8E /* Release */,
			);
			defaultConfigurationIsVisible = 0;
			defaultConfigurationName = Release;
		};
/* End XCConfigurationList section */
	};
	rootObject = AE79D30E19BC8DAD0023306C /* Project object */;
}
